// !$*UTF8*$!
{
	archiveVersion = 1;
	classes = {
	};
	objectVersion = 46;
	objects = {

/* Begin PBXBuildFile section */
		00C302E51ABCBA2D00DB3ED1 /* libRCTActionSheet.a in Frameworks */ = {isa = PBXBuildFile; fileRef = 00C302AC1ABCB8CE00DB3ED1 /* libRCTActionSheet.a */; };
		00C302E71ABCBA2D00DB3ED1 /* libRCTGeolocation.a in Frameworks */ = {isa = PBXBuildFile; fileRef = 00C302BA1ABCB90400DB3ED1 /* libRCTGeolocation.a */; };
		00C302E81ABCBA2D00DB3ED1 /* libRCTImage.a in Frameworks */ = {isa = PBXBuildFile; fileRef = 00C302C01ABCB91800DB3ED1 /* libRCTImage.a */; };
		00C302E91ABCBA2D00DB3ED1 /* libRCTNetwork.a in Frameworks */ = {isa = PBXBuildFile; fileRef = 00C302DC1ABCB9D200DB3ED1 /* libRCTNetwork.a */; };
		00C302EA1ABCBA2D00DB3ED1 /* libRCTVibration.a in Frameworks */ = {isa = PBXBuildFile; fileRef = 00C302E41ABCB9EE00DB3ED1 /* libRCTVibration.a */; };
		06A99ABE88604073AB975BD8 /* Entypo.ttf in Resources */ = {isa = PBXBuildFile; fileRef = F6C88AD12C4B4F399B35DF2A /* Entypo.ttf */; };
		12E8081C85572CD369A63E68 /* Pods_Subs.framework in Frameworks */ = {isa = PBXBuildFile; fileRef = 2A2789877E16F0270DA75A66 /* Pods_Subs.framework */; };
		133E29F31AD74F7200F7D852 /* libRCTLinking.a in Frameworks */ = {isa = PBXBuildFile; fileRef = 78C398B91ACF4ADC00677621 /* libRCTLinking.a */; };
		139105C61AF99C1200B5F7CC /* libRCTSettings.a in Frameworks */ = {isa = PBXBuildFile; fileRef = 139105C11AF99BAD00B5F7CC /* libRCTSettings.a */; };
		139FDEF61B0652A700C62182 /* libRCTWebSocket.a in Frameworks */ = {isa = PBXBuildFile; fileRef = 139FDEF41B06529B00C62182 /* libRCTWebSocket.a */; };
		13B07FBC1A68108700A75B9A /* AppDelegate.m in Sources */ = {isa = PBXBuildFile; fileRef = 13B07FB01A68108700A75B9A /* AppDelegate.m */; };
		13B07FBD1A68108700A75B9A /* LaunchScreen.xib in Resources */ = {isa = PBXBuildFile; fileRef = 13B07FB11A68108700A75B9A /* LaunchScreen.xib */; };
		13B07FBF1A68108700A75B9A /* Images.xcassets in Resources */ = {isa = PBXBuildFile; fileRef = 13B07FB51A68108700A75B9A /* Images.xcassets */; };
		13B07FC11A68108700A75B9A /* main.m in Sources */ = {isa = PBXBuildFile; fileRef = 13B07FB71A68108700A75B9A /* main.m */; };
		16E9D550C8E14BF08AB90773 /* libRNReactNativeLinkPreview.a in Frameworks */ = {isa = PBXBuildFile; fileRef = BB8CDEBF2F70412C8BAE8AC0 /* libRNReactNativeLinkPreview.a */; };
		42011DE0EEA04D7E9BF42969 /* Octicons.ttf in Resources */ = {isa = PBXBuildFile; fileRef = 07A0F93E5950403690455F9D /* Octicons.ttf */; };
		5D1FEFBB702C42B69AA61D28 /* FontAwesome.ttf in Resources */ = {isa = PBXBuildFile; fileRef = 69F69FB162534C7691B1720A /* FontAwesome.ttf */; };
		6B6B9D3B9E064D92B34AA623 /* Ionicons.ttf in Resources */ = {isa = PBXBuildFile; fileRef = DD6BC367D3D847EFB77C7510 /* Ionicons.ttf */; };
		6F086DC14FE04EA2B14E6A6C /* Zocial.ttf in Resources */ = {isa = PBXBuildFile; fileRef = 0541CC759F804A4B89B51C35 /* Zocial.ttf */; };
		6F628AB420814472923BA78F /* libRNFetchBlob.a in Frameworks */ = {isa = PBXBuildFile; fileRef = D0168DD2F0274364B75E44EF /* libRNFetchBlob.a */; };
		791429FD50264EEAAFB330C1 /* libRNFIRMessaging.a in Frameworks */ = {isa = PBXBuildFile; fileRef = 0CE3AD93D8F24CB49E2997A5 /* libRNFIRMessaging.a */; };
		832341BD1AAA6AB300B99B32 /* libRCTText.a in Frameworks */ = {isa = PBXBuildFile; fileRef = 832341B51AAA6A8300B99B32 /* libRCTText.a */; };
		8601BB221DB9D86600640759 /* libReactNativeNavigation.a in Frameworks */ = {isa = PBXBuildFile; fileRef = 8601BB211DB9D85900640759 /* libReactNativeNavigation.a */; };
		861AAAB21DCA776600DF08B6 /* libReact.a in Frameworks */ = {isa = PBXBuildFile; fileRef = 861AAAB11DCA776600DF08B6 /* libReact.a */; };
		862F8D041DD118010023698A /* libRCTPushNotification.a in Frameworks */ = {isa = PBXBuildFile; fileRef = 862F8D031DD117EB0023698A /* libRCTPushNotification.a */; };
		862F8D8D1DD574D00023698A /* Foundation.ttf in Resources */ = {isa = PBXBuildFile; fileRef = 862F8D8C1DD574D00023698A /* Foundation.ttf */; };
		862F8DB51DD89F490023698A /* libRNSound.a in Frameworks */ = {isa = PBXBuildFile; fileRef = 862F8DB41DD89F3B0023698A /* libRNSound.a */; };
		862F8DBB1DDD76C90023698A /* EvilIcons.ttf in Resources */ = {isa = PBXBuildFile; fileRef = 862F8DB91DDD76A20023698A /* EvilIcons.ttf */; };
		862F8DBD1DE086D40023698A /* MaterialIcons.ttf in Resources */ = {isa = PBXBuildFile; fileRef = 862F8DBC1DE086D40023698A /* MaterialIcons.ttf */; };
		86602C2C1DEB0473002E945B /* libCocoaLumberjack.a in Frameworks */ = {isa = PBXBuildFile; fileRef = 86602C231DEB045C002E945B /* libCocoaLumberjack.a */; };
		86602C2D1DEB0478002E945B /* libRNBackgroundFetch.a in Frameworks */ = {isa = PBXBuildFile; fileRef = 86602C0C1DEB0436002E945B /* libRNBackgroundFetch.a */; };
		86602C2E1DEB047D002E945B /* libRNBackgroundGeolocation.a in Frameworks */ = {isa = PBXBuildFile; fileRef = 86602C011DEB040C002E945B /* libRNBackgroundGeolocation.a */; };
		86602C301DEB04A4002E945B /* libsqlite3.tbd in Frameworks */ = {isa = PBXBuildFile; fileRef = 86602C2F1DEB04A4002E945B /* libsqlite3.tbd */; };
		86602C321DEB051A002E945B /* TSLocationManager.framework in Frameworks */ = {isa = PBXBuildFile; fileRef = 86602C311DEB051A002E945B /* TSLocationManager.framework */; };
		86602C341DEB0540002E945B /* TSBackgroundFetch.framework in Frameworks */ = {isa = PBXBuildFile; fileRef = 86602C331DEB0540002E945B /* TSBackgroundFetch.framework */; };
		86602C361DEB059A002E945B /* RNBackgroundFetch+AppDelegate.m in Sources */ = {isa = PBXBuildFile; fileRef = 86602C351DEB059A002E945B /* RNBackgroundFetch+AppDelegate.m */; };
		86602CA71DEB13B1002E945B /* GoogleService-Info.plist in Resources */ = {isa = PBXBuildFile; fileRef = 86602CA61DEB13B1002E945B /* GoogleService-Info.plist */; };
		86602DF31DEB6B14002E945B /* libimageCropPicker.a in Frameworks */ = {isa = PBXBuildFile; fileRef = 861AAA7A1DCA726500DF08B6 /* libimageCropPicker.a */; };
		866031851DFD94D9002E945B /* libRCTAnimation.a in Frameworks */ = {isa = PBXBuildFile; fileRef = 8660316E1DFD9485002E945B /* libRCTAnimation.a */; };
		873AF87C2BAA489AA06C2AB3 /* MaterialCommunityIcons.ttf in Resources */ = {isa = PBXBuildFile; fileRef = 0ECC79BF96EA465C87584583 /* MaterialCommunityIcons.ttf */; };
		F31350641E325F0F00A04755 /* AdSupport.framework in Frameworks */ = {isa = PBXBuildFile; fileRef = F31350631E325F0F00A04755 /* AdSupport.framework */; };
		F3496ED51E31659B008A86A6 /* libRNFS.a in Frameworks */ = {isa = PBXBuildFile; fileRef = F3496ED41E31657E008A86A6 /* libRNFS.a */; };
		F34970B11E32513A008A86A6 /* libA0RNLock.a in Frameworks */ = {isa = PBXBuildFile; fileRef = 86602BD51DEB01CC002E945B /* libA0RNLock.a */; };
		F3CB93591E31599D0044B672 /* libRNAudio.a in Frameworks */ = {isa = PBXBuildFile; fileRef = 862F8D8A1DD5058A0023698A /* libRNAudio.a */; };
		F3E9A78D1E36449C00053D18 /* libAirMaps.a in Frameworks */ = {isa = PBXBuildFile; fileRef = F3E9A7601E36448C00053D18 /* libAirMaps.a */; };
		F3E9A8871E3687CD00053D18 /* libCustomSegmentedControl.a in Frameworks */ = {isa = PBXBuildFile; fileRef = F3E9A85A1E3687C400053D18 /* libCustomSegmentedControl.a */; };
		F667F4852DD343B6BE8BB39D /* SimpleLineIcons.ttf in Resources */ = {isa = PBXBuildFile; fileRef = BA4817FD437945528290ABD2 /* SimpleLineIcons.ttf */; };
/* End PBXBuildFile section */

/* Begin PBXContainerItemProxy section */
		00C302AB1ABCB8CE00DB3ED1 /* PBXContainerItemProxy */ = {
			isa = PBXContainerItemProxy;
			containerPortal = 00C302A71ABCB8CE00DB3ED1 /* RCTActionSheet.xcodeproj */;
			proxyType = 2;
			remoteGlobalIDString = 134814201AA4EA6300B7C361;
			remoteInfo = RCTActionSheet;
		};
		00C302B91ABCB90400DB3ED1 /* PBXContainerItemProxy */ = {
			isa = PBXContainerItemProxy;
			containerPortal = 00C302B51ABCB90400DB3ED1 /* RCTGeolocation.xcodeproj */;
			proxyType = 2;
			remoteGlobalIDString = 134814201AA4EA6300B7C361;
			remoteInfo = RCTGeolocation;
		};
		00C302BF1ABCB91800DB3ED1 /* PBXContainerItemProxy */ = {
			isa = PBXContainerItemProxy;
			containerPortal = 00C302BB1ABCB91800DB3ED1 /* RCTImage.xcodeproj */;
			proxyType = 2;
			remoteGlobalIDString = 58B5115D1A9E6B3D00147676;
			remoteInfo = RCTImage;
		};
		00C302DB1ABCB9D200DB3ED1 /* PBXContainerItemProxy */ = {
			isa = PBXContainerItemProxy;
			containerPortal = 00C302D31ABCB9D200DB3ED1 /* RCTNetwork.xcodeproj */;
			proxyType = 2;
			remoteGlobalIDString = 58B511DB1A9E6C8500147676;
			remoteInfo = RCTNetwork;
		};
		00C302E31ABCB9EE00DB3ED1 /* PBXContainerItemProxy */ = {
			isa = PBXContainerItemProxy;
			containerPortal = 00C302DF1ABCB9EE00DB3ED1 /* RCTVibration.xcodeproj */;
			proxyType = 2;
			remoteGlobalIDString = 832C81801AAF6DEF007FA2F7;
			remoteInfo = RCTVibration;
		};
		139105C01AF99BAD00B5F7CC /* PBXContainerItemProxy */ = {
			isa = PBXContainerItemProxy;
			containerPortal = 139105B61AF99BAD00B5F7CC /* RCTSettings.xcodeproj */;
			proxyType = 2;
			remoteGlobalIDString = 134814201AA4EA6300B7C361;
			remoteInfo = RCTSettings;
		};
		139FDEF31B06529B00C62182 /* PBXContainerItemProxy */ = {
			isa = PBXContainerItemProxy;
			containerPortal = 139FDEE61B06529A00C62182 /* RCTWebSocket.xcodeproj */;
			proxyType = 2;
			remoteGlobalIDString = 3C86DF461ADF2C930047B81A;
			remoteInfo = RCTWebSocket;
		};
		146834031AC3E56700842450 /* PBXContainerItemProxy */ = {
			isa = PBXContainerItemProxy;
			containerPortal = 146833FF1AC3E56700842450 /* React.xcodeproj */;
			proxyType = 2;
			remoteGlobalIDString = 83CBBA2E1A601D0E00E9B192;
			remoteInfo = React;
		};
		78C398B81ACF4ADC00677621 /* PBXContainerItemProxy */ = {
			isa = PBXContainerItemProxy;
			containerPortal = 78C398B01ACF4ADC00677621 /* RCTLinking.xcodeproj */;
			proxyType = 2;
			remoteGlobalIDString = 134814201AA4EA6300B7C361;
			remoteInfo = RCTLinking;
		};
		832341B41AAA6A8300B99B32 /* PBXContainerItemProxy */ = {
			isa = PBXContainerItemProxy;
			containerPortal = 832341B01AAA6A8300B99B32 /* RCTText.xcodeproj */;
			proxyType = 2;
			remoteGlobalIDString = 58B5119B1A9E6C1200147676;
			remoteInfo = RCTText;
		};
		8601BB201DB9D85900640759 /* PBXContainerItemProxy */ = {
			isa = PBXContainerItemProxy;
			containerPortal = 8601BB121DB9D85900640759 /* ReactNativeNavigation.xcodeproj */;
			proxyType = 2;
			remoteGlobalIDString = D8AFADBD1BEE6F3F00A4592D;
			remoteInfo = ReactNativeNavigation;
		};
		861AAA791DCA726500DF08B6 /* PBXContainerItemProxy */ = {
			isa = PBXContainerItemProxy;
			containerPortal = 20DB6EAF5DE54D619FE0FE7F /* ImageCropPicker.xcodeproj */;
			proxyType = 2;
			remoteGlobalIDString = 3400A8081CEB54A6008A0BC7;
			remoteInfo = imageCropPicker;
		};
		862F8D021DD117EB0023698A /* PBXContainerItemProxy */ = {
			isa = PBXContainerItemProxy;
			containerPortal = 862F8CFE1DD117EB0023698A /* RCTPushNotification.xcodeproj */;
			proxyType = 2;
			remoteGlobalIDString = 134814201AA4EA6300B7C361;
			remoteInfo = RCTPushNotification;
		};
		862F8D891DD5058A0023698A /* PBXContainerItemProxy */ = {
			isa = PBXContainerItemProxy;
			containerPortal = F052B96AE2834CA98AC4E9B1 /* RNAudio.xcodeproj */;
			proxyType = 2;
			remoteGlobalIDString = 42F559BA1CFC90C400DC3F84;
			remoteInfo = RNAudio;
		};
		862F8DB31DD89F3B0023698A /* PBXContainerItemProxy */ = {
			isa = PBXContainerItemProxy;
			containerPortal = 862F8DA01DD89F3A0023698A /* RNSound.xcodeproj */;
			proxyType = 2;
			remoteGlobalIDString = 19825A1E1BD4A89800EE0337;
			remoteInfo = RNSound;
		};
		86602BAA1DEB003B002E945B /* PBXContainerItemProxy */ = {
			isa = PBXContainerItemProxy;
			containerPortal = 38045BCC363648DE8CB1C208 /* RNFIRMessaging.xcodeproj */;
			proxyType = 2;
			remoteGlobalIDString = 134814201AA4EA6300B7C361;
			remoteInfo = RNFIRMessaging;
		};
		86602BD41DEB01CC002E945B /* PBXContainerItemProxy */ = {
			isa = PBXContainerItemProxy;
			containerPortal = 86602BD01DEB01CB002E945B /* A0RNLock.xcodeproj */;
			proxyType = 2;
			remoteGlobalIDString = 5F0499EE1CAE9F4A006F6C05;
			remoteInfo = A0RNLock;
		};
		86602C001DEB040C002E945B /* PBXContainerItemProxy */ = {
			isa = PBXContainerItemProxy;
			containerPortal = 86602BEC1DEB040C002E945B /* RNBackgroundGeolocation.xcodeproj */;
			proxyType = 2;
			remoteGlobalIDString = 83FF5F851AFD0D2B0016A13E;
			remoteInfo = RNBackgroundGeolocation;
		};
		86602C021DEB040C002E945B /* PBXContainerItemProxy */ = {
			isa = PBXContainerItemProxy;
			containerPortal = 86602BEC1DEB040C002E945B /* RNBackgroundGeolocation.xcodeproj */;
			proxyType = 2;
			remoteGlobalIDString = 83FF5F901AFD0D2B0016A13E;
			remoteInfo = RNBackgroundGeolocationTests;
		};
		86602C0B1DEB0436002E945B /* PBXContainerItemProxy */ = {
			isa = PBXContainerItemProxy;
			containerPortal = 86602C061DEB0436002E945B /* RNBackgroundFetch.xcodeproj */;
			proxyType = 2;
			remoteGlobalIDString = 835318541D52293F005738CD;
			remoteInfo = RNBackgroundFetch;
		};
		86602C1A1DEB045C002E945B /* PBXContainerItemProxy */ = {
			isa = PBXContainerItemProxy;
			containerPortal = 86602C0D1DEB045C002E945B /* Lumberjack.xcodeproj */;
			proxyType = 2;
			remoteGlobalIDString = DCB3185114EB418E001CFBEE;
			remoteInfo = CocoaLumberjack;
		};
		86602C1C1DEB045C002E945B /* PBXContainerItemProxy */ = {
			isa = PBXContainerItemProxy;
			containerPortal = 86602C0D1DEB045C002E945B /* Lumberjack.xcodeproj */;
			proxyType = 2;
			remoteGlobalIDString = 18F3BF0F1A81D8B700692297;
			remoteInfo = CocoaLumberjackSwift;
		};
		86602C1E1DEB045C002E945B /* PBXContainerItemProxy */ = {
			isa = PBXContainerItemProxy;
			containerPortal = 86602C0D1DEB045C002E945B /* Lumberjack.xcodeproj */;
			proxyType = 2;
			remoteGlobalIDString = 19FF46021B8B4CF400B43179;
			remoteInfo = "CocoaLumberjack-iOS";
		};
		86602C201DEB045C002E945B /* PBXContainerItemProxy */ = {
			isa = PBXContainerItemProxy;
			containerPortal = 86602C0D1DEB045C002E945B /* Lumberjack.xcodeproj */;
			proxyType = 2;
			remoteGlobalIDString = 19FF460F1B8B4D1400B43179;
			remoteInfo = "CocoaLumberjackSwift-iOS";
		};
		86602C221DEB045C002E945B /* PBXContainerItemProxy */ = {
			isa = PBXContainerItemProxy;
			containerPortal = 86602C0D1DEB045C002E945B /* Lumberjack.xcodeproj */;
			proxyType = 2;
			remoteGlobalIDString = 18F3BFD71A81E06E00692297;
			remoteInfo = "CocoaLumberjack-iOS-Static";
		};
		86602C241DEB045C002E945B /* PBXContainerItemProxy */ = {
			isa = PBXContainerItemProxy;
			containerPortal = 86602C0D1DEB045C002E945B /* Lumberjack.xcodeproj */;
			proxyType = 2;
			remoteGlobalIDString = 19190EDE1B84D812008D059E;
			remoteInfo = "CocoaLumberjack-watchOS";
		};
		86602C261DEB045C002E945B /* PBXContainerItemProxy */ = {
			isa = PBXContainerItemProxy;
			containerPortal = 86602C0D1DEB045C002E945B /* Lumberjack.xcodeproj */;
			proxyType = 2;
			remoteGlobalIDString = 19190EEB1B84D826008D059E;
			remoteInfo = "CocoaLumberjackSwift-watchOS";
		};
		86602C281DEB045C002E945B /* PBXContainerItemProxy */ = {
			isa = PBXContainerItemProxy;
			containerPortal = 86602C0D1DEB045C002E945B /* Lumberjack.xcodeproj */;
			proxyType = 2;
			remoteGlobalIDString = 19D90B261BBFA9DB00947169;
			remoteInfo = "CocoaLumberjack-tvOS";
		};
		86602C2A1DEB045C002E945B /* PBXContainerItemProxy */ = {
			isa = PBXContainerItemProxy;
			containerPortal = 86602C0D1DEB045C002E945B /* Lumberjack.xcodeproj */;
			proxyType = 2;
			remoteGlobalIDString = 19D90B351BBFAA7500947169;
			remoteInfo = "CocoaLumberjackSwift-tvOS";
		};
		86602C6D1DEB06C8002E945B /* PBXContainerItemProxy */ = {
			isa = PBXContainerItemProxy;
			containerPortal = BEF818B922094DEDBC995CD6 /* RNFetchBlob.xcodeproj */;
			proxyType = 2;
			remoteGlobalIDString = A15C300E1CD25C330074CB35;
			remoteInfo = RNFetchBlob;
		};
		8660316D1DFD9485002E945B /* PBXContainerItemProxy */ = {
			isa = PBXContainerItemProxy;
			containerPortal = 8660315B1DFD9484002E945B /* RCTAnimation.xcodeproj */;
			proxyType = 2;
			remoteGlobalIDString = 134814201AA4EA6300B7C361;
			remoteInfo = RCTAnimation;
		};
		8660316F1DFD9485002E945B /* PBXContainerItemProxy */ = {
			isa = PBXContainerItemProxy;
			containerPortal = 8660315B1DFD9484002E945B /* RCTAnimation.xcodeproj */;
			proxyType = 2;
			remoteGlobalIDString = 2D2A28201D9B03D100D4039D;
			remoteInfo = "RCTAnimation-tvOS";
		};
		866031B11DFD9877002E945B /* PBXContainerItemProxy */ = {
			isa = PBXContainerItemProxy;
			containerPortal = 00C302BB1ABCB91800DB3ED1 /* RCTImage.xcodeproj */;
			proxyType = 2;
			remoteGlobalIDString = 2D2A283A1D9B042B00D4039D;
			remoteInfo = "RCTImage-tvOS";
		};
		866031B51DFD9877002E945B /* PBXContainerItemProxy */ = {
			isa = PBXContainerItemProxy;
			containerPortal = 78C398B01ACF4ADC00677621 /* RCTLinking.xcodeproj */;
			proxyType = 2;
			remoteGlobalIDString = 2D2A28471D9B043800D4039D;
			remoteInfo = "RCTLinking-tvOS";
		};
		866031B91DFD9877002E945B /* PBXContainerItemProxy */ = {
			isa = PBXContainerItemProxy;
			containerPortal = 00C302D31ABCB9D200DB3ED1 /* RCTNetwork.xcodeproj */;
			proxyType = 2;
			remoteGlobalIDString = 2D2A28541D9B044C00D4039D;
			remoteInfo = "RCTNetwork-tvOS";
		};
		866031BD1DFD9877002E945B /* PBXContainerItemProxy */ = {
			isa = PBXContainerItemProxy;
			containerPortal = 862F8CFE1DD117EB0023698A /* RCTPushNotification.xcodeproj */;
			proxyType = 2;
			remoteGlobalIDString = 2DD0EFE61DA8533A00B0C975;
			remoteInfo = "RCTPushNotification-tvOS";
		};
		866031C11DFD9877002E945B /* PBXContainerItemProxy */ = {
			isa = PBXContainerItemProxy;
			containerPortal = 139105B61AF99BAD00B5F7CC /* RCTSettings.xcodeproj */;
			proxyType = 2;
			remoteGlobalIDString = 2D2A28611D9B046600D4039D;
			remoteInfo = "RCTSettings-tvOS";
		};
		866031C51DFD9877002E945B /* PBXContainerItemProxy */ = {
			isa = PBXContainerItemProxy;
			containerPortal = 832341B01AAA6A8300B99B32 /* RCTText.xcodeproj */;
			proxyType = 2;
			remoteGlobalIDString = 2D2A287B1D9B048500D4039D;
			remoteInfo = "RCTText-tvOS";
		};
		866031CA1DFD9877002E945B /* PBXContainerItemProxy */ = {
			isa = PBXContainerItemProxy;
			containerPortal = 139FDEE61B06529A00C62182 /* RCTWebSocket.xcodeproj */;
			proxyType = 2;
			remoteGlobalIDString = 2D2A28881D9B049200D4039D;
			remoteInfo = "RCTWebSocket-tvOS";
		};
		866031CE1DFD9877002E945B /* PBXContainerItemProxy */ = {
			isa = PBXContainerItemProxy;
			containerPortal = 146833FF1AC3E56700842450 /* React.xcodeproj */;
			proxyType = 2;
			remoteGlobalIDString = 2D2A28131D9B038B00D4039D;
			remoteInfo = "React-tvOS";
		};
		F3496ED31E31657E008A86A6 /* PBXContainerItemProxy */ = {
			isa = PBXContainerItemProxy;
			containerPortal = F3496ECF1E31657E008A86A6 /* RNFS.xcodeproj */;
			proxyType = 2;
			remoteGlobalIDString = F12AFB9B1ADAF8F800E0535D;
			remoteInfo = RNFS;
		};
		F3CB93091E3157670044B672 /* PBXContainerItemProxy */ = {
			isa = PBXContainerItemProxy;
			containerPortal = F4957D99D2134B2B89DEBC89 /* RNReactNativeLinkPreview.xcodeproj */;
			proxyType = 2;
			remoteGlobalIDString = 134814201AA4EA6300B7C361;
			remoteInfo = RNReactNativeLinkPreview;
		};
		F3E9A75F1E36448C00053D18 /* PBXContainerItemProxy */ = {
			isa = PBXContainerItemProxy;
			containerPortal = F3E9A75A1E36448B00053D18 /* AirMaps.xcodeproj */;
			proxyType = 2;
			remoteGlobalIDString = 11FA5C511C4A1296003AC2EE;
			remoteInfo = AirMaps;
		};
		F3E9A8341E3660CE00053D18 /* PBXContainerItemProxy */ = {
			isa = PBXContainerItemProxy;
			containerPortal = 162DA89BB2FE4A8DBC8951B4 /* RNVectorIcons.xcodeproj */;
			proxyType = 2;
			remoteGlobalIDString = 5DBEB1501B18CEA900B34395;
			remoteInfo = RNVectorIcons;
		};
		F3E9A8591E3687C400053D18 /* PBXContainerItemProxy */ = {
			isa = PBXContainerItemProxy;
			containerPortal = F3E9A8531E3687C400053D18 /* CustomSegmentedControl.xcodeproj */;
			proxyType = 2;
			remoteGlobalIDString = 26751C0A1CE8BD5C0006725F;
			remoteInfo = CustomSegmentedControl;
		};
/* End PBXContainerItemProxy section */

/* Begin PBXFileReference section */
		008F07F21AC5B25A0029DE68 /* main.jsbundle */ = {isa = PBXFileReference; fileEncoding = 4; lastKnownFileType = text; path = main.jsbundle; sourceTree = "<group>"; };
		00C302A71ABCB8CE00DB3ED1 /* RCTActionSheet.xcodeproj */ = {isa = PBXFileReference; lastKnownFileType = "wrapper.pb-project"; name = RCTActionSheet.xcodeproj; path = "../node_modules/react-native/Libraries/ActionSheetIOS/RCTActionSheet.xcodeproj"; sourceTree = "<group>"; };
		00C302B51ABCB90400DB3ED1 /* RCTGeolocation.xcodeproj */ = {isa = PBXFileReference; lastKnownFileType = "wrapper.pb-project"; name = RCTGeolocation.xcodeproj; path = "../node_modules/react-native/Libraries/Geolocation/RCTGeolocation.xcodeproj"; sourceTree = "<group>"; };
		00C302BB1ABCB91800DB3ED1 /* RCTImage.xcodeproj */ = {isa = PBXFileReference; lastKnownFileType = "wrapper.pb-project"; name = RCTImage.xcodeproj; path = "../node_modules/react-native/Libraries/Image/RCTImage.xcodeproj"; sourceTree = "<group>"; };
		00C302D31ABCB9D200DB3ED1 /* RCTNetwork.xcodeproj */ = {isa = PBXFileReference; lastKnownFileType = "wrapper.pb-project"; name = RCTNetwork.xcodeproj; path = "../node_modules/react-native/Libraries/Network/RCTNetwork.xcodeproj"; sourceTree = "<group>"; };
		00C302DF1ABCB9EE00DB3ED1 /* RCTVibration.xcodeproj */ = {isa = PBXFileReference; lastKnownFileType = "wrapper.pb-project"; name = RCTVibration.xcodeproj; path = "../node_modules/react-native/Libraries/Vibration/RCTVibration.xcodeproj"; sourceTree = "<group>"; };
		00E356F11AD99517003FC87E /* Info.plist */ = {isa = PBXFileReference; lastKnownFileType = text.plist.xml; path = Info.plist; sourceTree = "<group>"; };
		00E356F21AD99517003FC87E /* SubsTests.m */ = {isa = PBXFileReference; lastKnownFileType = sourcecode.c.objc; path = SubsTests.m; sourceTree = "<group>"; };
		0541CC759F804A4B89B51C35 /* Zocial.ttf */ = {isa = PBXFileReference; explicitFileType = undefined; fileEncoding = 9; includeInIndex = 0; lastKnownFileType = unknown; name = Zocial.ttf; path = "../node_modules/react-native-vector-icons/Fonts/Zocial.ttf"; sourceTree = "<group>"; };
		07A0F93E5950403690455F9D /* Octicons.ttf */ = {isa = PBXFileReference; explicitFileType = undefined; fileEncoding = 9; includeInIndex = 0; lastKnownFileType = unknown; name = Octicons.ttf; path = "../node_modules/react-native-vector-icons/Fonts/Octicons.ttf"; sourceTree = "<group>"; };
		0CE3AD93D8F24CB49E2997A5 /* libRNFIRMessaging.a */ = {isa = PBXFileReference; explicitFileType = undefined; fileEncoding = 9; includeInIndex = 0; lastKnownFileType = archive.ar; path = libRNFIRMessaging.a; sourceTree = "<group>"; };
		0ECC79BF96EA465C87584583 /* MaterialCommunityIcons.ttf */ = {isa = PBXFileReference; explicitFileType = undefined; fileEncoding = 9; includeInIndex = 0; lastKnownFileType = unknown; name = MaterialCommunityIcons.ttf; path = "../node_modules/react-native-vector-icons/Fonts/MaterialCommunityIcons.ttf"; sourceTree = "<group>"; };
		139105B61AF99BAD00B5F7CC /* RCTSettings.xcodeproj */ = {isa = PBXFileReference; lastKnownFileType = "wrapper.pb-project"; name = RCTSettings.xcodeproj; path = "../node_modules/react-native/Libraries/Settings/RCTSettings.xcodeproj"; sourceTree = "<group>"; };
		139FDEE61B06529A00C62182 /* RCTWebSocket.xcodeproj */ = {isa = PBXFileReference; lastKnownFileType = "wrapper.pb-project"; name = RCTWebSocket.xcodeproj; path = "../node_modules/react-native/Libraries/WebSocket/RCTWebSocket.xcodeproj"; sourceTree = "<group>"; };
		13B07F961A680F5B00A75B9A /* Subs.app */ = {isa = PBXFileReference; explicitFileType = wrapper.application; includeInIndex = 0; path = Subs.app; sourceTree = BUILT_PRODUCTS_DIR; };
		13B07FAF1A68108700A75B9A /* AppDelegate.h */ = {isa = PBXFileReference; fileEncoding = 4; lastKnownFileType = sourcecode.c.h; name = AppDelegate.h; path = Subs/AppDelegate.h; sourceTree = "<group>"; };
		13B07FB01A68108700A75B9A /* AppDelegate.m */ = {isa = PBXFileReference; fileEncoding = 4; lastKnownFileType = sourcecode.c.objc; name = AppDelegate.m; path = Subs/AppDelegate.m; sourceTree = "<group>"; };
		13B07FB21A68108700A75B9A /* Base */ = {isa = PBXFileReference; lastKnownFileType = file.xib; name = Base; path = Base.lproj/LaunchScreen.xib; sourceTree = "<group>"; };
		13B07FB51A68108700A75B9A /* Images.xcassets */ = {isa = PBXFileReference; lastKnownFileType = folder.assetcatalog; name = Images.xcassets; path = Subs/Images.xcassets; sourceTree = "<group>"; };
		13B07FB61A68108700A75B9A /* Info.plist */ = {isa = PBXFileReference; fileEncoding = 4; lastKnownFileType = text.plist.xml; name = Info.plist; path = Subs/Info.plist; sourceTree = "<group>"; };
		13B07FB71A68108700A75B9A /* main.m */ = {isa = PBXFileReference; fileEncoding = 4; lastKnownFileType = sourcecode.c.objc; name = main.m; path = Subs/main.m; sourceTree = "<group>"; };
		146833FF1AC3E56700842450 /* React.xcodeproj */ = {isa = PBXFileReference; lastKnownFileType = "wrapper.pb-project"; name = React.xcodeproj; path = "../node_modules/react-native/React/React.xcodeproj"; sourceTree = "<group>"; };
		162DA89BB2FE4A8DBC8951B4 /* RNVectorIcons.xcodeproj */ = {isa = PBXFileReference; explicitFileType = undefined; fileEncoding = 9; includeInIndex = 0; lastKnownFileType = "wrapper.pb-project"; name = RNVectorIcons.xcodeproj; path = "../node_modules/react-native-vector-icons/RNVectorIcons.xcodeproj"; sourceTree = "<group>"; };
		20DB6EAF5DE54D619FE0FE7F /* ImageCropPicker.xcodeproj */ = {isa = PBXFileReference; explicitFileType = undefined; fileEncoding = 9; includeInIndex = 0; lastKnownFileType = "wrapper.pb-project"; name = ImageCropPicker.xcodeproj; path = "../node_modules/react-native-image-crop-picker/ios/ImageCropPicker.xcodeproj"; sourceTree = "<group>"; };
		2A2789877E16F0270DA75A66 /* Pods_Subs.framework */ = {isa = PBXFileReference; explicitFileType = wrapper.framework; includeInIndex = 0; path = Pods_Subs.framework; sourceTree = BUILT_PRODUCTS_DIR; };
		38045BCC363648DE8CB1C208 /* RNFIRMessaging.xcodeproj */ = {isa = PBXFileReference; explicitFileType = undefined; fileEncoding = 9; includeInIndex = 0; lastKnownFileType = "wrapper.pb-project"; name = RNFIRMessaging.xcodeproj; path = "../node_modules/react-native-fcm/ios/RNFIRMessaging.xcodeproj"; sourceTree = "<group>"; };
		55660FAEACB05B8D26327723 /* Pods-SubsTests.release.xcconfig */ = {isa = PBXFileReference; includeInIndex = 1; lastKnownFileType = text.xcconfig; name = "Pods-SubsTests.release.xcconfig"; path = "Pods/Target Support Files/Pods-SubsTests/Pods-SubsTests.release.xcconfig"; sourceTree = "<group>"; };
		69F69FB162534C7691B1720A /* FontAwesome.ttf */ = {isa = PBXFileReference; explicitFileType = undefined; fileEncoding = 9; includeInIndex = 0; lastKnownFileType = unknown; name = FontAwesome.ttf; path = "../node_modules/react-native-vector-icons/Fonts/FontAwesome.ttf"; sourceTree = "<group>"; };
		78C398B01ACF4ADC00677621 /* RCTLinking.xcodeproj */ = {isa = PBXFileReference; lastKnownFileType = "wrapper.pb-project"; name = RCTLinking.xcodeproj; path = "../node_modules/react-native/Libraries/LinkingIOS/RCTLinking.xcodeproj"; sourceTree = "<group>"; };
		832341B01AAA6A8300B99B32 /* RCTText.xcodeproj */ = {isa = PBXFileReference; lastKnownFileType = "wrapper.pb-project"; name = RCTText.xcodeproj; path = "../node_modules/react-native/Libraries/Text/RCTText.xcodeproj"; sourceTree = "<group>"; };
		8601BB121DB9D85900640759 /* ReactNativeNavigation.xcodeproj */ = {isa = PBXFileReference; lastKnownFileType = "wrapper.pb-project"; name = ReactNativeNavigation.xcodeproj; path = "../node_modules/react-native-navigation/ios/ReactNativeNavigation.xcodeproj"; sourceTree = "<group>"; };
		861AAAB11DCA776600DF08B6 /* libReact.a */ = {isa = PBXFileReference; lastKnownFileType = archive.ar; name = libReact.a; path = "../../../Library/Developer/Xcode/DerivedData/Subs-dcozcayayxuqbifwpbyvxjnptsvd/Build/Products/Release-iphonesimulator/React/libReact.a"; sourceTree = "<group>"; };
		862F8CE11DD0322E0023698A /* Subs.entitlements */ = {isa = PBXFileReference; lastKnownFileType = text.plist.entitlements; name = Subs.entitlements; path = Subs/Subs.entitlements; sourceTree = "<group>"; };
		862F8CFE1DD117EB0023698A /* RCTPushNotification.xcodeproj */ = {isa = PBXFileReference; lastKnownFileType = "wrapper.pb-project"; name = RCTPushNotification.xcodeproj; path = "../node_modules/react-native/Libraries/PushNotificationIOS/RCTPushNotification.xcodeproj"; sourceTree = "<group>"; };
		862F8D8C1DD574D00023698A /* Foundation.ttf */ = {isa = PBXFileReference; lastKnownFileType = file; name = Foundation.ttf; path = "../node_modules/react-native-vector-icons/Fonts/Foundation.ttf"; sourceTree = "<group>"; };
		862F8DA01DD89F3A0023698A /* RNSound.xcodeproj */ = {isa = PBXFileReference; lastKnownFileType = "wrapper.pb-project"; name = RNSound.xcodeproj; path = "../node_modules/react-native-sound/RNSound.xcodeproj"; sourceTree = "<group>"; };
		862F8DB91DDD76A20023698A /* EvilIcons.ttf */ = {isa = PBXFileReference; lastKnownFileType = file; name = EvilIcons.ttf; path = "../node_modules/react-native-vector-icons/Fonts/EvilIcons.ttf"; sourceTree = "<group>"; };
		862F8DBC1DE086D40023698A /* MaterialIcons.ttf */ = {isa = PBXFileReference; lastKnownFileType = file; name = MaterialIcons.ttf; path = "../node_modules/react-native-vector-icons/Fonts/MaterialIcons.ttf"; sourceTree = "<group>"; };
		86602BD01DEB01CB002E945B /* A0RNLock.xcodeproj */ = {isa = PBXFileReference; lastKnownFileType = "wrapper.pb-project"; name = A0RNLock.xcodeproj; path = "../node_modules/react-native-lock/ios/A0RNLock.xcodeproj"; sourceTree = "<group>"; };
		86602BEC1DEB040C002E945B /* RNBackgroundGeolocation.xcodeproj */ = {isa = PBXFileReference; lastKnownFileType = "wrapper.pb-project"; name = RNBackgroundGeolocation.xcodeproj; path = "../node_modules/react-native-background-geolocation/ios/RNBackgroundGeolocation.xcodeproj"; sourceTree = "<group>"; };
		86602C061DEB0436002E945B /* RNBackgroundFetch.xcodeproj */ = {isa = PBXFileReference; lastKnownFileType = "wrapper.pb-project"; name = RNBackgroundFetch.xcodeproj; path = "../node_modules/react-native-background-fetch/ios/RNBackgroundFetch.xcodeproj"; sourceTree = "<group>"; };
		86602C0D1DEB045C002E945B /* Lumberjack.xcodeproj */ = {isa = PBXFileReference; lastKnownFileType = "wrapper.pb-project"; name = Lumberjack.xcodeproj; path = "../node_modules/cocoa-lumberjack/CocoaLumberjack/Lumberjack.xcodeproj"; sourceTree = "<group>"; };
		86602C2F1DEB04A4002E945B /* libsqlite3.tbd */ = {isa = PBXFileReference; lastKnownFileType = "sourcecode.text-based-dylib-definition"; name = libsqlite3.tbd; path = usr/lib/libsqlite3.tbd; sourceTree = SDKROOT; };
		86602C311DEB051A002E945B /* TSLocationManager.framework */ = {isa = PBXFileReference; lastKnownFileType = wrapper.framework; name = TSLocationManager.framework; path = "../node_modules/react-native-background-geolocation/ios/RNBackgroundGeolocation/TSLocationManager.framework"; sourceTree = "<group>"; };
		86602C331DEB0540002E945B /* TSBackgroundFetch.framework */ = {isa = PBXFileReference; lastKnownFileType = wrapper.framework; name = TSBackgroundFetch.framework; path = "../node_modules/react-native-background-fetch/ios/RNBackgroundFetch/TSBackgroundFetch.framework"; sourceTree = "<group>"; };
		86602C351DEB059A002E945B /* RNBackgroundFetch+AppDelegate.m */ = {isa = PBXFileReference; fileEncoding = 4; lastKnownFileType = sourcecode.c.objc; name = "RNBackgroundFetch+AppDelegate.m"; path = "../node_modules/react-native-background-fetch/ios/RNBackgroundFetch/RNBackgroundFetch+AppDelegate.m"; sourceTree = "<group>"; };
		86602CA61DEB13B1002E945B /* GoogleService-Info.plist */ = {isa = PBXFileReference; fileEncoding = 4; lastKnownFileType = text.plist.xml; path = "GoogleService-Info.plist"; sourceTree = "<group>"; };
		8660315B1DFD9484002E945B /* RCTAnimation.xcodeproj */ = {isa = PBXFileReference; lastKnownFileType = "wrapper.pb-project"; name = RCTAnimation.xcodeproj; path = "../node_modules/react-native/Libraries/NativeAnimation/RCTAnimation.xcodeproj"; sourceTree = "<group>"; };
		86CF8C1A1DC284F900AE1299 /* libRCTTwilioIPMessaging.a */ = {isa = PBXFileReference; lastKnownFileType = archive.ar; name = libRCTTwilioIPMessaging.a; path = "Pods/../build/Debug-iphoneos/RCTTwilioIPMessaging/libRCTTwilioIPMessaging.a"; sourceTree = "<group>"; };
		9E28186737DCEE97DFACCA15 /* Pods-SubsTests.debug.xcconfig */ = {isa = PBXFileReference; includeInIndex = 1; lastKnownFileType = text.xcconfig; name = "Pods-SubsTests.debug.xcconfig"; path = "Pods/Target Support Files/Pods-SubsTests/Pods-SubsTests.debug.xcconfig"; sourceTree = "<group>"; };
		BA4817FD437945528290ABD2 /* SimpleLineIcons.ttf */ = {isa = PBXFileReference; explicitFileType = undefined; fileEncoding = 9; includeInIndex = 0; lastKnownFileType = unknown; name = SimpleLineIcons.ttf; path = "../node_modules/react-native-vector-icons/Fonts/SimpleLineIcons.ttf"; sourceTree = "<group>"; };
		BB8CDEBF2F70412C8BAE8AC0 /* libRNReactNativeLinkPreview.a */ = {isa = PBXFileReference; explicitFileType = undefined; fileEncoding = 9; includeInIndex = 0; lastKnownFileType = archive.ar; path = libRNReactNativeLinkPreview.a; sourceTree = "<group>"; };
		BEF818B922094DEDBC995CD6 /* RNFetchBlob.xcodeproj */ = {isa = PBXFileReference; explicitFileType = undefined; fileEncoding = 9; includeInIndex = 0; lastKnownFileType = "wrapper.pb-project"; name = RNFetchBlob.xcodeproj; path = "../node_modules/react-native-fetch-blob/ios/RNFetchBlob.xcodeproj"; sourceTree = "<group>"; };
		CB3E3ED09F91ABAF5B98EE49 /* Pods-Subs.debug.xcconfig */ = {isa = PBXFileReference; includeInIndex = 1; lastKnownFileType = text.xcconfig; name = "Pods-Subs.debug.xcconfig"; path = "Pods/Target Support Files/Pods-Subs/Pods-Subs.debug.xcconfig"; sourceTree = "<group>"; };
		D0168DD2F0274364B75E44EF /* libRNFetchBlob.a */ = {isa = PBXFileReference; explicitFileType = undefined; fileEncoding = 9; includeInIndex = 0; lastKnownFileType = archive.ar; path = libRNFetchBlob.a; sourceTree = "<group>"; };
		D3C26C688058C1BD3345967D /* Pods-Subs.release.xcconfig */ = {isa = PBXFileReference; includeInIndex = 1; lastKnownFileType = text.xcconfig; name = "Pods-Subs.release.xcconfig"; path = "Pods/Target Support Files/Pods-Subs/Pods-Subs.release.xcconfig"; sourceTree = "<group>"; };
		D4C0343030A6CEB08DEB0AA6 /* Pods_SubsTests.framework */ = {isa = PBXFileReference; explicitFileType = wrapper.framework; includeInIndex = 0; path = Pods_SubsTests.framework; sourceTree = BUILT_PRODUCTS_DIR; };
		DD6BC367D3D847EFB77C7510 /* Ionicons.ttf */ = {isa = PBXFileReference; explicitFileType = undefined; fileEncoding = 9; includeInIndex = 0; lastKnownFileType = unknown; name = Ionicons.ttf; path = "../node_modules/react-native-vector-icons/Fonts/Ionicons.ttf"; sourceTree = "<group>"; };
		F052B96AE2834CA98AC4E9B1 /* RNAudio.xcodeproj */ = {isa = PBXFileReference; explicitFileType = undefined; fileEncoding = 9; includeInIndex = 0; lastKnownFileType = "wrapper.pb-project"; name = RNAudio.xcodeproj; path = "../node_modules/react-native-audio/ios/RNAudio.xcodeproj"; sourceTree = "<group>"; };
		F31350631E325F0F00A04755 /* AdSupport.framework */ = {isa = PBXFileReference; lastKnownFileType = wrapper.framework; name = AdSupport.framework; path = System/Library/Frameworks/AdSupport.framework; sourceTree = SDKROOT; };
		F3496ECF1E31657E008A86A6 /* RNFS.xcodeproj */ = {isa = PBXFileReference; lastKnownFileType = "wrapper.pb-project"; name = RNFS.xcodeproj; path = "../node_modules/react-native-fs/RNFS.xcodeproj"; sourceTree = "<group>"; };
		F3CB92C11E31571A0044B672 /* Lock.framework */ = {isa = PBXFileReference; lastKnownFileType = wrapper.framework; name = Lock.framework; path = "../../../../../../Users/joker/Library/Developer/Xcode/DerivedData/Subs-fnmrxsqzgmdlmegpstloxqhsgoqv/Build/Products/Debug-iphonesimulator/Lock/Lock.framework"; sourceTree = "<group>"; };
		F3E9A75A1E36448B00053D18 /* AirMaps.xcodeproj */ = {isa = PBXFileReference; lastKnownFileType = "wrapper.pb-project"; name = AirMaps.xcodeproj; path = "../node_modules/react-native-maps/ios/AirMaps.xcodeproj"; sourceTree = "<group>"; };
		F3E9A8531E3687C400053D18 /* CustomSegmentedControl.xcodeproj */ = {isa = PBXFileReference; lastKnownFileType = "wrapper.pb-project"; name = CustomSegmentedControl.xcodeproj; path = "../node_modules/react-native-custom-segmented-control/ios/lib/CustomSegmentedControl.xcodeproj"; sourceTree = "<group>"; };
		F4957D99D2134B2B89DEBC89 /* RNReactNativeLinkPreview.xcodeproj */ = {isa = PBXFileReference; explicitFileType = undefined; fileEncoding = 9; includeInIndex = 0; lastKnownFileType = "wrapper.pb-project"; name = RNReactNativeLinkPreview.xcodeproj; path = "../node_modules/react-native-link-preview/ios/RNReactNativeLinkPreview.xcodeproj"; sourceTree = "<group>"; };
		F6C88AD12C4B4F399B35DF2A /* Entypo.ttf */ = {isa = PBXFileReference; explicitFileType = undefined; fileEncoding = 9; includeInIndex = 0; lastKnownFileType = unknown; name = Entypo.ttf; path = "../node_modules/react-native-vector-icons/Fonts/Entypo.ttf"; sourceTree = "<group>"; };
/* End PBXFileReference section */

/* Begin PBXFrameworksBuildPhase section */
		13B07F8C1A680F5B00A75B9A /* Frameworks */ = {
			isa = PBXFrameworksBuildPhase;
			buildActionMask = 2147483647;
			files = (
				F3E9A8871E3687CD00053D18 /* libCustomSegmentedControl.a in Frameworks */,
				F3E9A78D1E36449C00053D18 /* libAirMaps.a in Frameworks */,
				F31350641E325F0F00A04755 /* AdSupport.framework in Frameworks */,
				F34970B11E32513A008A86A6 /* libA0RNLock.a in Frameworks */,
				F3496ED51E31659B008A86A6 /* libRNFS.a in Frameworks */,
				F3CB93591E31599D0044B672 /* libRNAudio.a in Frameworks */,
				866031851DFD94D9002E945B /* libRCTAnimation.a in Frameworks */,
				86602DF31DEB6B14002E945B /* libimageCropPicker.a in Frameworks */,
				86602C341DEB0540002E945B /* TSBackgroundFetch.framework in Frameworks */,
				86602C321DEB051A002E945B /* TSLocationManager.framework in Frameworks */,
				86602C301DEB04A4002E945B /* libsqlite3.tbd in Frameworks */,
				86602C2E1DEB047D002E945B /* libRNBackgroundGeolocation.a in Frameworks */,
				86602C2D1DEB0478002E945B /* libRNBackgroundFetch.a in Frameworks */,
				86602C2C1DEB0473002E945B /* libCocoaLumberjack.a in Frameworks */,
				862F8DB51DD89F490023698A /* libRNSound.a in Frameworks */,
				862F8D041DD118010023698A /* libRCTPushNotification.a in Frameworks */,
				861AAAB21DCA776600DF08B6 /* libReact.a in Frameworks */,
				8601BB221DB9D86600640759 /* libReactNativeNavigation.a in Frameworks */,
				00C302E51ABCBA2D00DB3ED1 /* libRCTActionSheet.a in Frameworks */,
				00C302E71ABCBA2D00DB3ED1 /* libRCTGeolocation.a in Frameworks */,
				00C302E81ABCBA2D00DB3ED1 /* libRCTImage.a in Frameworks */,
				133E29F31AD74F7200F7D852 /* libRCTLinking.a in Frameworks */,
				00C302E91ABCBA2D00DB3ED1 /* libRCTNetwork.a in Frameworks */,
				139105C61AF99C1200B5F7CC /* libRCTSettings.a in Frameworks */,
				832341BD1AAA6AB300B99B32 /* libRCTText.a in Frameworks */,
				00C302EA1ABCBA2D00DB3ED1 /* libRCTVibration.a in Frameworks */,
				139FDEF61B0652A700C62182 /* libRCTWebSocket.a in Frameworks */,
				791429FD50264EEAAFB330C1 /* libRNFIRMessaging.a in Frameworks */,
				6F628AB420814472923BA78F /* libRNFetchBlob.a in Frameworks */,
				16E9D550C8E14BF08AB90773 /* libRNReactNativeLinkPreview.a in Frameworks */,
				12E8081C85572CD369A63E68 /* Pods_Subs.framework in Frameworks */,
			);
			runOnlyForDeploymentPostprocessing = 0;
		};
/* End PBXFrameworksBuildPhase section */

/* Begin PBXGroup section */
		00C302A81ABCB8CE00DB3ED1 /* Products */ = {
			isa = PBXGroup;
			children = (
				00C302AC1ABCB8CE00DB3ED1 /* libRCTActionSheet.a */,
			);
			name = Products;
			sourceTree = "<group>";
		};
		00C302B61ABCB90400DB3ED1 /* Products */ = {
			isa = PBXGroup;
			children = (
				00C302BA1ABCB90400DB3ED1 /* libRCTGeolocation.a */,
			);
			name = Products;
			sourceTree = "<group>";
		};
		00C302BC1ABCB91800DB3ED1 /* Products */ = {
			isa = PBXGroup;
			children = (
				00C302C01ABCB91800DB3ED1 /* libRCTImage.a */,
				866031B21DFD9877002E945B /* libRCTImage-tvOS.a */,
			);
			name = Products;
			sourceTree = "<group>";
		};
		00C302D41ABCB9D200DB3ED1 /* Products */ = {
			isa = PBXGroup;
			children = (
				00C302DC1ABCB9D200DB3ED1 /* libRCTNetwork.a */,
				866031BA1DFD9877002E945B /* libRCTNetwork-tvOS.a */,
			);
			name = Products;
			sourceTree = "<group>";
		};
		00C302E01ABCB9EE00DB3ED1 /* Products */ = {
			isa = PBXGroup;
			children = (
				00C302E41ABCB9EE00DB3ED1 /* libRCTVibration.a */,
			);
			name = Products;
			sourceTree = "<group>";
		};
		00E356EF1AD99517003FC87E /* SubsTests */ = {
			isa = PBXGroup;
			children = (
				00E356F21AD99517003FC87E /* SubsTests.m */,
				00E356F01AD99517003FC87E /* Supporting Files */,
			);
			path = SubsTests;
			sourceTree = "<group>";
		};
		00E356F01AD99517003FC87E /* Supporting Files */ = {
			isa = PBXGroup;
			children = (
				00E356F11AD99517003FC87E /* Info.plist */,
			);
			name = "Supporting Files";
			sourceTree = "<group>";
		};
		139105B71AF99BAD00B5F7CC /* Products */ = {
			isa = PBXGroup;
			children = (
				139105C11AF99BAD00B5F7CC /* libRCTSettings.a */,
				866031C21DFD9877002E945B /* libRCTSettings-tvOS.a */,
			);
			name = Products;
			sourceTree = "<group>";
		};
		139FDEE71B06529A00C62182 /* Products */ = {
			isa = PBXGroup;
			children = (
				139FDEF41B06529B00C62182 /* libRCTWebSocket.a */,
				866031CB1DFD9877002E945B /* libRCTWebSocket-tvOS.a */,
			);
			name = Products;
			sourceTree = "<group>";
		};
		13B07FAE1A68108700A75B9A /* Subs */ = {
			isa = PBXGroup;
			children = (
				86602C351DEB059A002E945B /* RNBackgroundFetch+AppDelegate.m */,
				862F8CE11DD0322E0023698A /* Subs.entitlements */,
				008F07F21AC5B25A0029DE68 /* main.jsbundle */,
				13B07FAF1A68108700A75B9A /* AppDelegate.h */,
				13B07FB01A68108700A75B9A /* AppDelegate.m */,
				13B07FB51A68108700A75B9A /* Images.xcassets */,
				13B07FB61A68108700A75B9A /* Info.plist */,
				86602CA61DEB13B1002E945B /* GoogleService-Info.plist */,
				13B07FB11A68108700A75B9A /* LaunchScreen.xib */,
				13B07FB71A68108700A75B9A /* main.m */,
			);
			name = Subs;
			sourceTree = "<group>";
		};
		146834001AC3E56700842450 /* Products */ = {
			isa = PBXGroup;
			children = (
				146834041AC3E56700842450 /* libReact.a */,
				866031CF1DFD9877002E945B /* libReact-tvOS.a */,
			);
			name = Products;
			sourceTree = "<group>";
		};
		4FFE79FA57F2454399298AF1 /* Resources */ = {
			isa = PBXGroup;
			children = (
				F6C88AD12C4B4F399B35DF2A /* Entypo.ttf */,
				69F69FB162534C7691B1720A /* FontAwesome.ttf */,
				DD6BC367D3D847EFB77C7510 /* Ionicons.ttf */,
				07A0F93E5950403690455F9D /* Octicons.ttf */,
				BA4817FD437945528290ABD2 /* SimpleLineIcons.ttf */,
				0541CC759F804A4B89B51C35 /* Zocial.ttf */,
				0ECC79BF96EA465C87584583 /* MaterialCommunityIcons.ttf */,
			);
			name = Resources;
			sourceTree = "<group>";
		};
		78C398B11ACF4ADC00677621 /* Products */ = {
			isa = PBXGroup;
			children = (
				78C398B91ACF4ADC00677621 /* libRCTLinking.a */,
				866031B61DFD9877002E945B /* libRCTLinking-tvOS.a */,
			);
			name = Products;
			sourceTree = "<group>";
		};
		832341AE1AAA6A7D00B99B32 /* Libraries */ = {
			isa = PBXGroup;
			children = (
				F3E9A8531E3687C400053D18 /* CustomSegmentedControl.xcodeproj */,
				F3E9A75A1E36448B00053D18 /* AirMaps.xcodeproj */,
				F3496ECF1E31657E008A86A6 /* RNFS.xcodeproj */,
				8660315B1DFD9484002E945B /* RCTAnimation.xcodeproj */,
				86602C0D1DEB045C002E945B /* Lumberjack.xcodeproj */,
				86602C061DEB0436002E945B /* RNBackgroundFetch.xcodeproj */,
				86602BEC1DEB040C002E945B /* RNBackgroundGeolocation.xcodeproj */,
				86602BD01DEB01CB002E945B /* A0RNLock.xcodeproj */,
				862F8DA01DD89F3A0023698A /* RNSound.xcodeproj */,
				862F8CFE1DD117EB0023698A /* RCTPushNotification.xcodeproj */,
				8601BB121DB9D85900640759 /* ReactNativeNavigation.xcodeproj */,
				146833FF1AC3E56700842450 /* React.xcodeproj */,
				00C302A71ABCB8CE00DB3ED1 /* RCTActionSheet.xcodeproj */,
				00C302B51ABCB90400DB3ED1 /* RCTGeolocation.xcodeproj */,
				00C302BB1ABCB91800DB3ED1 /* RCTImage.xcodeproj */,
				78C398B01ACF4ADC00677621 /* RCTLinking.xcodeproj */,
				00C302D31ABCB9D200DB3ED1 /* RCTNetwork.xcodeproj */,
				139105B61AF99BAD00B5F7CC /* RCTSettings.xcodeproj */,
				832341B01AAA6A8300B99B32 /* RCTText.xcodeproj */,
				00C302DF1ABCB9EE00DB3ED1 /* RCTVibration.xcodeproj */,
				139FDEE61B06529A00C62182 /* RCTWebSocket.xcodeproj */,
				20DB6EAF5DE54D619FE0FE7F /* ImageCropPicker.xcodeproj */,
				F052B96AE2834CA98AC4E9B1 /* RNAudio.xcodeproj */,
				38045BCC363648DE8CB1C208 /* RNFIRMessaging.xcodeproj */,
				BEF818B922094DEDBC995CD6 /* RNFetchBlob.xcodeproj */,
				F4957D99D2134B2B89DEBC89 /* RNReactNativeLinkPreview.xcodeproj */,
				162DA89BB2FE4A8DBC8951B4 /* RNVectorIcons.xcodeproj */,
			);
			name = Libraries;
			sourceTree = "<group>";
		};
		832341B11AAA6A8300B99B32 /* Products */ = {
			isa = PBXGroup;
			children = (
				832341B51AAA6A8300B99B32 /* libRCTText.a */,
				866031C61DFD9877002E945B /* libRCTText-tvOS.a */,
			);
			name = Products;
			sourceTree = "<group>";
		};
		83CBB9F61A601CBA00E9B192 = {
			isa = PBXGroup;
			children = (
				862F8D8B1DD574440023698A /* fonts */,
				13B07FAE1A68108700A75B9A /* Subs */,
				832341AE1AAA6A7D00B99B32 /* Libraries */,
				00E356EF1AD99517003FC87E /* SubsTests */,
				83CBBA001A601CBA00E9B192 /* Products */,
				903160A980772EE1EC0EA660 /* Pods */,
				E4CEC56D5A8A5EFF7D4FFF2F /* Frameworks */,
				4FFE79FA57F2454399298AF1 /* Resources */,
			);
			indentWidth = 2;
			sourceTree = "<group>";
			tabWidth = 2;
		};
		83CBBA001A601CBA00E9B192 /* Products */ = {
			isa = PBXGroup;
			children = (
				13B07F961A680F5B00A75B9A /* Subs.app */,
			);
			name = Products;
			sourceTree = "<group>";
		};
		8601BB131DB9D85900640759 /* Products */ = {
			isa = PBXGroup;
			children = (
				8601BB211DB9D85900640759 /* libReactNativeNavigation.a */,
			);
			name = Products;
			sourceTree = "<group>";
		};
		861AAA751DCA726500DF08B6 /* Products */ = {
			isa = PBXGroup;
			children = (
				861AAA7A1DCA726500DF08B6 /* libimageCropPicker.a */,
			);
			name = Products;
			sourceTree = "<group>";
		};
		862F8CFF1DD117EB0023698A /* Products */ = {
			isa = PBXGroup;
			children = (
				862F8D031DD117EB0023698A /* libRCTPushNotification.a */,
				866031BE1DFD9877002E945B /* libRCTPushNotification-tvOS.a */,
			);
			name = Products;
			sourceTree = "<group>";
		};
		862F8D781DD5058A0023698A /* Products */ = {
			isa = PBXGroup;
			children = (
				862F8D8A1DD5058A0023698A /* libRNAudio.a */,
			);
			name = Products;
			sourceTree = "<group>";
		};
		862F8D8B1DD574440023698A /* fonts */ = {
			isa = PBXGroup;
			children = (
				862F8DBC1DE086D40023698A /* MaterialIcons.ttf */,
				862F8DB91DDD76A20023698A /* EvilIcons.ttf */,
				862F8D8C1DD574D00023698A /* Foundation.ttf */,
			);
			name = fonts;
			sourceTree = "<group>";
		};
		862F8DA11DD89F3A0023698A /* Products */ = {
			isa = PBXGroup;
			children = (
				862F8DB41DD89F3B0023698A /* libRNSound.a */,
			);
			name = Products;
			sourceTree = "<group>";
		};
		86602B981DEB003B002E945B /* Products */ = {
			isa = PBXGroup;
			children = (
				86602BAB1DEB003B002E945B /* libRNFIRMessaging.a */,
			);
			name = Products;
			sourceTree = "<group>";
		};
		86602BD11DEB01CB002E945B /* Products */ = {
			isa = PBXGroup;
			children = (
				86602BD51DEB01CC002E945B /* libA0RNLock.a */,
			);
			name = Products;
			sourceTree = "<group>";
		};
		86602BED1DEB040C002E945B /* Products */ = {
			isa = PBXGroup;
			children = (
				86602C011DEB040C002E945B /* libRNBackgroundGeolocation.a */,
				86602C031DEB040C002E945B /* RNBackgroundGeolocationTests.xctest */,
			);
			name = Products;
			sourceTree = "<group>";
		};
		86602C071DEB0436002E945B /* Products */ = {
			isa = PBXGroup;
			children = (
				86602C0C1DEB0436002E945B /* libRNBackgroundFetch.a */,
			);
			name = Products;
			sourceTree = "<group>";
		};
		86602C0E1DEB045C002E945B /* Products */ = {
			isa = PBXGroup;
			children = (
				86602C1B1DEB045C002E945B /* CocoaLumberjack.framework */,
				86602C1D1DEB045C002E945B /* CocoaLumberjackSwift.framework */,
				86602C1F1DEB045C002E945B /* CocoaLumberjack.framework */,
				86602C211DEB045C002E945B /* CocoaLumberjackSwift.framework */,
				86602C231DEB045C002E945B /* libCocoaLumberjack.a */,
				86602C251DEB045C002E945B /* CocoaLumberjack.framework */,
				86602C271DEB045C002E945B /* CocoaLumberjackSwift.framework */,
				86602C291DEB045C002E945B /* CocoaLumberjack.framework */,
				86602C2B1DEB045C002E945B /* CocoaLumberjackSwift.framework */,
			);
			name = Products;
			sourceTree = "<group>";
		};
		86602C4D1DEB06C8002E945B /* Products */ = {
			isa = PBXGroup;
			children = (
				86602C6E1DEB06C8002E945B /* libRNFetchBlob.a */,
			);
			name = Products;
			sourceTree = "<group>";
		};
		8660315C1DFD9484002E945B /* Products */ = {
			isa = PBXGroup;
			children = (
				8660316E1DFD9485002E945B /* libRCTAnimation.a */,
				866031701DFD9485002E945B /* libRCTAnimation-tvOS.a */,
			);
			name = Products;
			sourceTree = "<group>";
		};
		903160A980772EE1EC0EA660 /* Pods */ = {
			isa = PBXGroup;
			children = (
				CB3E3ED09F91ABAF5B98EE49 /* Pods-Subs.debug.xcconfig */,
				D3C26C688058C1BD3345967D /* Pods-Subs.release.xcconfig */,
				9E28186737DCEE97DFACCA15 /* Pods-SubsTests.debug.xcconfig */,
				55660FAEACB05B8D26327723 /* Pods-SubsTests.release.xcconfig */,
			);
			name = Pods;
			sourceTree = "<group>";
		};
		E4CEC56D5A8A5EFF7D4FFF2F /* Frameworks */ = {
			isa = PBXGroup;
			children = (
				F31350631E325F0F00A04755 /* AdSupport.framework */,
				F3CB92C11E31571A0044B672 /* Lock.framework */,
				86602C331DEB0540002E945B /* TSBackgroundFetch.framework */,
				86602C311DEB051A002E945B /* TSLocationManager.framework */,
				86602C2F1DEB04A4002E945B /* libsqlite3.tbd */,
				861AAAB11DCA776600DF08B6 /* libReact.a */,
				86CF8C1A1DC284F900AE1299 /* libRCTTwilioIPMessaging.a */,
				D4C0343030A6CEB08DEB0AA6 /* Pods_SubsTests.framework */,
				2A2789877E16F0270DA75A66 /* Pods_Subs.framework */,
			);
			name = Frameworks;
			sourceTree = "<group>";
		};
		F3496ED01E31657E008A86A6 /* Products */ = {
			isa = PBXGroup;
			children = (
				F3496ED41E31657E008A86A6 /* libRNFS.a */,
			);
			name = Products;
			sourceTree = "<group>";
		};
		F3CB92DC1E3157670044B672 /* Products */ = {
			isa = PBXGroup;
			children = (
				F3CB930A1E3157670044B672 /* libRNReactNativeLinkPreview.a */,
			);
			name = Products;
			sourceTree = "<group>";
		};
		F3E9A75B1E36448B00053D18 /* Products */ = {
			isa = PBXGroup;
			children = (
				F3E9A7601E36448C00053D18 /* libAirMaps.a */,
			);
			name = Products;
			sourceTree = "<group>";
		};
		F3E9A8041E3660CE00053D18 /* Products */ = {
			isa = PBXGroup;
			children = (
				F3E9A8351E3660CE00053D18 /* libRNVectorIcons.a */,
			);
			name = Products;
			sourceTree = "<group>";
		};
		F3E9A8541E3687C400053D18 /* Products */ = {
			isa = PBXGroup;
			children = (
				F3E9A85A1E3687C400053D18 /* libCustomSegmentedControl.a */,
			);
			name = Products;
			sourceTree = "<group>";
		};
/* End PBXGroup section */

/* Begin PBXNativeTarget section */
		13B07F861A680F5B00A75B9A /* Subs */ = {
			isa = PBXNativeTarget;
			buildConfigurationList = 13B07F931A680F5B00A75B9A /* Build configuration list for PBXNativeTarget "Subs" */;
			buildPhases = (
				859294010FC3A0D16956E86D /* [CP] Check Pods Manifest.lock */,
				13B07F871A680F5B00A75B9A /* Sources */,
				13B07F8C1A680F5B00A75B9A /* Frameworks */,
				13B07F8E1A680F5B00A75B9A /* Resources */,
				00DD1BFF1BD5951E006B06BC /* Bundle React Native code and images */,
				0E1D8C93021C394574FF9A6C /* [CP] Embed Pods Frameworks */,
				622DFFBE5426B63B764B011B /* [CP] Copy Pods Resources */,
			);
			buildRules = (
			);
			dependencies = (
			);
			name = Subs;
			productName = "Hello World";
			productReference = 13B07F961A680F5B00A75B9A /* Subs.app */;
			productType = "com.apple.product-type.application";
		};
/* End PBXNativeTarget section */

/* Begin PBXProject section */
		83CBB9F71A601CBA00E9B192 /* Project object */ = {
			isa = PBXProject;
			attributes = {
				LastUpgradeCheck = 800;
				ORGANIZATIONNAME = Facebook;
				TargetAttributes = {
					13B07F861A680F5B00A75B9A = {
						DevelopmentTeam = RUWEF3R2W6;
						ProvisioningStyle = Manual;
						SystemCapabilities = {
							com.apple.BackgroundModes = {
								enabled = 1;
							};
							com.apple.Keychain = {
								enabled = 1;
							};
							com.apple.Push = {
								enabled = 0;
							};
						};
					};
				};
			};
			buildConfigurationList = 83CBB9FA1A601CBA00E9B192 /* Build configuration list for PBXProject "Subs" */;
			compatibilityVersion = "Xcode 3.2";
			developmentRegion = English;
			hasScannedForEncodings = 0;
			knownRegions = (
				en,
				Base,
			);
			mainGroup = 83CBB9F61A601CBA00E9B192;
			productRefGroup = 83CBBA001A601CBA00E9B192 /* Products */;
			projectDirPath = "";
			projectReferences = (
				{
					ProductGroup = 86602BD11DEB01CB002E945B /* Products */;
					ProjectRef = 86602BD01DEB01CB002E945B /* A0RNLock.xcodeproj */;
				},
				{
					ProductGroup = F3E9A75B1E36448B00053D18 /* Products */;
					ProjectRef = F3E9A75A1E36448B00053D18 /* AirMaps.xcodeproj */;
				},
				{
					ProductGroup = F3E9A8541E3687C400053D18 /* Products */;
					ProjectRef = F3E9A8531E3687C400053D18 /* CustomSegmentedControl.xcodeproj */;
				},
				{
					ProductGroup = 861AAA751DCA726500DF08B6 /* Products */;
					ProjectRef = 20DB6EAF5DE54D619FE0FE7F /* ImageCropPicker.xcodeproj */;
				},
				{
					ProductGroup = 86602C0E1DEB045C002E945B /* Products */;
					ProjectRef = 86602C0D1DEB045C002E945B /* Lumberjack.xcodeproj */;
				},
				{
					ProductGroup = 00C302A81ABCB8CE00DB3ED1 /* Products */;
					ProjectRef = 00C302A71ABCB8CE00DB3ED1 /* RCTActionSheet.xcodeproj */;
				},
				{
					ProductGroup = 8660315C1DFD9484002E945B /* Products */;
					ProjectRef = 8660315B1DFD9484002E945B /* RCTAnimation.xcodeproj */;
				},
				{
					ProductGroup = 00C302B61ABCB90400DB3ED1 /* Products */;
					ProjectRef = 00C302B51ABCB90400DB3ED1 /* RCTGeolocation.xcodeproj */;
				},
				{
					ProductGroup = 00C302BC1ABCB91800DB3ED1 /* Products */;
					ProjectRef = 00C302BB1ABCB91800DB3ED1 /* RCTImage.xcodeproj */;
				},
				{
					ProductGroup = 78C398B11ACF4ADC00677621 /* Products */;
					ProjectRef = 78C398B01ACF4ADC00677621 /* RCTLinking.xcodeproj */;
				},
				{
					ProductGroup = 00C302D41ABCB9D200DB3ED1 /* Products */;
					ProjectRef = 00C302D31ABCB9D200DB3ED1 /* RCTNetwork.xcodeproj */;
				},
				{
					ProductGroup = 862F8CFF1DD117EB0023698A /* Products */;
					ProjectRef = 862F8CFE1DD117EB0023698A /* RCTPushNotification.xcodeproj */;
				},
				{
					ProductGroup = 139105B71AF99BAD00B5F7CC /* Products */;
					ProjectRef = 139105B61AF99BAD00B5F7CC /* RCTSettings.xcodeproj */;
				},
				{
					ProductGroup = 832341B11AAA6A8300B99B32 /* Products */;
					ProjectRef = 832341B01AAA6A8300B99B32 /* RCTText.xcodeproj */;
				},
				{
					ProductGroup = 00C302E01ABCB9EE00DB3ED1 /* Products */;
					ProjectRef = 00C302DF1ABCB9EE00DB3ED1 /* RCTVibration.xcodeproj */;
				},
				{
					ProductGroup = 139FDEE71B06529A00C62182 /* Products */;
					ProjectRef = 139FDEE61B06529A00C62182 /* RCTWebSocket.xcodeproj */;
				},
				{
					ProductGroup = 146834001AC3E56700842450 /* Products */;
					ProjectRef = 146833FF1AC3E56700842450 /* React.xcodeproj */;
				},
				{
					ProductGroup = 8601BB131DB9D85900640759 /* Products */;
					ProjectRef = 8601BB121DB9D85900640759 /* ReactNativeNavigation.xcodeproj */;
				},
				{
					ProductGroup = 862F8D781DD5058A0023698A /* Products */;
					ProjectRef = F052B96AE2834CA98AC4E9B1 /* RNAudio.xcodeproj */;
				},
				{
					ProductGroup = 86602C071DEB0436002E945B /* Products */;
					ProjectRef = 86602C061DEB0436002E945B /* RNBackgroundFetch.xcodeproj */;
				},
				{
					ProductGroup = 86602BED1DEB040C002E945B /* Products */;
					ProjectRef = 86602BEC1DEB040C002E945B /* RNBackgroundGeolocation.xcodeproj */;
				},
				{
					ProductGroup = 86602C4D1DEB06C8002E945B /* Products */;
					ProjectRef = BEF818B922094DEDBC995CD6 /* RNFetchBlob.xcodeproj */;
				},
				{
					ProductGroup = 86602B981DEB003B002E945B /* Products */;
					ProjectRef = 38045BCC363648DE8CB1C208 /* RNFIRMessaging.xcodeproj */;
				},
				{
					ProductGroup = F3496ED01E31657E008A86A6 /* Products */;
					ProjectRef = F3496ECF1E31657E008A86A6 /* RNFS.xcodeproj */;
				},
				{
					ProductGroup = F3CB92DC1E3157670044B672 /* Products */;
					ProjectRef = F4957D99D2134B2B89DEBC89 /* RNReactNativeLinkPreview.xcodeproj */;
				},
				{
					ProductGroup = 862F8DA11DD89F3A0023698A /* Products */;
					ProjectRef = 862F8DA01DD89F3A0023698A /* RNSound.xcodeproj */;
				},
				{
					ProductGroup = F3E9A8041E3660CE00053D18 /* Products */;
					ProjectRef = 162DA89BB2FE4A8DBC8951B4 /* RNVectorIcons.xcodeproj */;
				},
			);
			projectRoot = "";
			targets = (
				13B07F861A680F5B00A75B9A /* Subs */,
			);
		};
/* End PBXProject section */

/* Begin PBXReferenceProxy section */
		00C302AC1ABCB8CE00DB3ED1 /* libRCTActionSheet.a */ = {
			isa = PBXReferenceProxy;
			fileType = archive.ar;
			path = libRCTActionSheet.a;
			remoteRef = 00C302AB1ABCB8CE00DB3ED1 /* PBXContainerItemProxy */;
			sourceTree = BUILT_PRODUCTS_DIR;
		};
		00C302BA1ABCB90400DB3ED1 /* libRCTGeolocation.a */ = {
			isa = PBXReferenceProxy;
			fileType = archive.ar;
			path = libRCTGeolocation.a;
			remoteRef = 00C302B91ABCB90400DB3ED1 /* PBXContainerItemProxy */;
			sourceTree = BUILT_PRODUCTS_DIR;
		};
		00C302C01ABCB91800DB3ED1 /* libRCTImage.a */ = {
			isa = PBXReferenceProxy;
			fileType = archive.ar;
			path = libRCTImage.a;
			remoteRef = 00C302BF1ABCB91800DB3ED1 /* PBXContainerItemProxy */;
			sourceTree = BUILT_PRODUCTS_DIR;
		};
		00C302DC1ABCB9D200DB3ED1 /* libRCTNetwork.a */ = {
			isa = PBXReferenceProxy;
			fileType = archive.ar;
			path = libRCTNetwork.a;
			remoteRef = 00C302DB1ABCB9D200DB3ED1 /* PBXContainerItemProxy */;
			sourceTree = BUILT_PRODUCTS_DIR;
		};
		00C302E41ABCB9EE00DB3ED1 /* libRCTVibration.a */ = {
			isa = PBXReferenceProxy;
			fileType = archive.ar;
			path = libRCTVibration.a;
			remoteRef = 00C302E31ABCB9EE00DB3ED1 /* PBXContainerItemProxy */;
			sourceTree = BUILT_PRODUCTS_DIR;
		};
		139105C11AF99BAD00B5F7CC /* libRCTSettings.a */ = {
			isa = PBXReferenceProxy;
			fileType = archive.ar;
			path = libRCTSettings.a;
			remoteRef = 139105C01AF99BAD00B5F7CC /* PBXContainerItemProxy */;
			sourceTree = BUILT_PRODUCTS_DIR;
		};
		139FDEF41B06529B00C62182 /* libRCTWebSocket.a */ = {
			isa = PBXReferenceProxy;
			fileType = archive.ar;
			path = libRCTWebSocket.a;
			remoteRef = 139FDEF31B06529B00C62182 /* PBXContainerItemProxy */;
			sourceTree = BUILT_PRODUCTS_DIR;
		};
		146834041AC3E56700842450 /* libReact.a */ = {
			isa = PBXReferenceProxy;
			fileType = archive.ar;
			path = libReact.a;
			remoteRef = 146834031AC3E56700842450 /* PBXContainerItemProxy */;
			sourceTree = BUILT_PRODUCTS_DIR;
		};
		78C398B91ACF4ADC00677621 /* libRCTLinking.a */ = {
			isa = PBXReferenceProxy;
			fileType = archive.ar;
			path = libRCTLinking.a;
			remoteRef = 78C398B81ACF4ADC00677621 /* PBXContainerItemProxy */;
			sourceTree = BUILT_PRODUCTS_DIR;
		};
		832341B51AAA6A8300B99B32 /* libRCTText.a */ = {
			isa = PBXReferenceProxy;
			fileType = archive.ar;
			path = libRCTText.a;
			remoteRef = 832341B41AAA6A8300B99B32 /* PBXContainerItemProxy */;
			sourceTree = BUILT_PRODUCTS_DIR;
		};
		8601BB211DB9D85900640759 /* libReactNativeNavigation.a */ = {
			isa = PBXReferenceProxy;
			fileType = archive.ar;
			path = libReactNativeNavigation.a;
			remoteRef = 8601BB201DB9D85900640759 /* PBXContainerItemProxy */;
			sourceTree = BUILT_PRODUCTS_DIR;
		};
		861AAA7A1DCA726500DF08B6 /* libimageCropPicker.a */ = {
			isa = PBXReferenceProxy;
			fileType = archive.ar;
			path = libimageCropPicker.a;
			remoteRef = 861AAA791DCA726500DF08B6 /* PBXContainerItemProxy */;
			sourceTree = BUILT_PRODUCTS_DIR;
		};
		862F8D031DD117EB0023698A /* libRCTPushNotification.a */ = {
			isa = PBXReferenceProxy;
			fileType = archive.ar;
			path = libRCTPushNotification.a;
			remoteRef = 862F8D021DD117EB0023698A /* PBXContainerItemProxy */;
			sourceTree = BUILT_PRODUCTS_DIR;
		};
		862F8D8A1DD5058A0023698A /* libRNAudio.a */ = {
			isa = PBXReferenceProxy;
			fileType = archive.ar;
			path = libRNAudio.a;
			remoteRef = 862F8D891DD5058A0023698A /* PBXContainerItemProxy */;
			sourceTree = BUILT_PRODUCTS_DIR;
		};
		862F8DB41DD89F3B0023698A /* libRNSound.a */ = {
			isa = PBXReferenceProxy;
			fileType = archive.ar;
			path = libRNSound.a;
			remoteRef = 862F8DB31DD89F3B0023698A /* PBXContainerItemProxy */;
			sourceTree = BUILT_PRODUCTS_DIR;
		};
		86602BAB1DEB003B002E945B /* libRNFIRMessaging.a */ = {
			isa = PBXReferenceProxy;
			fileType = archive.ar;
			path = libRNFIRMessaging.a;
			remoteRef = 86602BAA1DEB003B002E945B /* PBXContainerItemProxy */;
			sourceTree = BUILT_PRODUCTS_DIR;
		};
		86602BD51DEB01CC002E945B /* libA0RNLock.a */ = {
			isa = PBXReferenceProxy;
			fileType = archive.ar;
			path = libA0RNLock.a;
			remoteRef = 86602BD41DEB01CC002E945B /* PBXContainerItemProxy */;
			sourceTree = BUILT_PRODUCTS_DIR;
		};
		86602C011DEB040C002E945B /* libRNBackgroundGeolocation.a */ = {
			isa = PBXReferenceProxy;
			fileType = archive.ar;
			path = libRNBackgroundGeolocation.a;
			remoteRef = 86602C001DEB040C002E945B /* PBXContainerItemProxy */;
			sourceTree = BUILT_PRODUCTS_DIR;
		};
		86602C031DEB040C002E945B /* RNBackgroundGeolocationTests.xctest */ = {
			isa = PBXReferenceProxy;
			fileType = wrapper.cfbundle;
			path = RNBackgroundGeolocationTests.xctest;
			remoteRef = 86602C021DEB040C002E945B /* PBXContainerItemProxy */;
			sourceTree = BUILT_PRODUCTS_DIR;
		};
		86602C0C1DEB0436002E945B /* libRNBackgroundFetch.a */ = {
			isa = PBXReferenceProxy;
			fileType = archive.ar;
			path = libRNBackgroundFetch.a;
			remoteRef = 86602C0B1DEB0436002E945B /* PBXContainerItemProxy */;
			sourceTree = BUILT_PRODUCTS_DIR;
		};
		86602C1B1DEB045C002E945B /* CocoaLumberjack.framework */ = {
			isa = PBXReferenceProxy;
			fileType = wrapper.framework;
			path = CocoaLumberjack.framework;
			remoteRef = 86602C1A1DEB045C002E945B /* PBXContainerItemProxy */;
			sourceTree = BUILT_PRODUCTS_DIR;
		};
		86602C1D1DEB045C002E945B /* CocoaLumberjackSwift.framework */ = {
			isa = PBXReferenceProxy;
			fileType = wrapper.framework;
			path = CocoaLumberjackSwift.framework;
			remoteRef = 86602C1C1DEB045C002E945B /* PBXContainerItemProxy */;
			sourceTree = BUILT_PRODUCTS_DIR;
		};
		86602C1F1DEB045C002E945B /* CocoaLumberjack.framework */ = {
			isa = PBXReferenceProxy;
			fileType = wrapper.framework;
			path = CocoaLumberjack.framework;
			remoteRef = 86602C1E1DEB045C002E945B /* PBXContainerItemProxy */;
			sourceTree = BUILT_PRODUCTS_DIR;
		};
		86602C211DEB045C002E945B /* CocoaLumberjackSwift.framework */ = {
			isa = PBXReferenceProxy;
			fileType = wrapper.framework;
			path = CocoaLumberjackSwift.framework;
			remoteRef = 86602C201DEB045C002E945B /* PBXContainerItemProxy */;
			sourceTree = BUILT_PRODUCTS_DIR;
		};
		86602C231DEB045C002E945B /* libCocoaLumberjack.a */ = {
			isa = PBXReferenceProxy;
			fileType = archive.ar;
			path = libCocoaLumberjack.a;
			remoteRef = 86602C221DEB045C002E945B /* PBXContainerItemProxy */;
			sourceTree = BUILT_PRODUCTS_DIR;
		};
		86602C251DEB045C002E945B /* CocoaLumberjack.framework */ = {
			isa = PBXReferenceProxy;
			fileType = wrapper.framework;
			path = CocoaLumberjack.framework;
			remoteRef = 86602C241DEB045C002E945B /* PBXContainerItemProxy */;
			sourceTree = BUILT_PRODUCTS_DIR;
		};
		86602C271DEB045C002E945B /* CocoaLumberjackSwift.framework */ = {
			isa = PBXReferenceProxy;
			fileType = wrapper.framework;
			path = CocoaLumberjackSwift.framework;
			remoteRef = 86602C261DEB045C002E945B /* PBXContainerItemProxy */;
			sourceTree = BUILT_PRODUCTS_DIR;
		};
		86602C291DEB045C002E945B /* CocoaLumberjack.framework */ = {
			isa = PBXReferenceProxy;
			fileType = wrapper.framework;
			path = CocoaLumberjack.framework;
			remoteRef = 86602C281DEB045C002E945B /* PBXContainerItemProxy */;
			sourceTree = BUILT_PRODUCTS_DIR;
		};
		86602C2B1DEB045C002E945B /* CocoaLumberjackSwift.framework */ = {
			isa = PBXReferenceProxy;
			fileType = wrapper.framework;
			path = CocoaLumberjackSwift.framework;
			remoteRef = 86602C2A1DEB045C002E945B /* PBXContainerItemProxy */;
			sourceTree = BUILT_PRODUCTS_DIR;
		};
		86602C6E1DEB06C8002E945B /* libRNFetchBlob.a */ = {
			isa = PBXReferenceProxy;
			fileType = archive.ar;
			path = libRNFetchBlob.a;
			remoteRef = 86602C6D1DEB06C8002E945B /* PBXContainerItemProxy */;
			sourceTree = BUILT_PRODUCTS_DIR;
		};
		8660316E1DFD9485002E945B /* libRCTAnimation.a */ = {
			isa = PBXReferenceProxy;
			fileType = archive.ar;
			path = libRCTAnimation.a;
			remoteRef = 8660316D1DFD9485002E945B /* PBXContainerItemProxy */;
			sourceTree = BUILT_PRODUCTS_DIR;
		};
		866031701DFD9485002E945B /* libRCTAnimation-tvOS.a */ = {
			isa = PBXReferenceProxy;
			fileType = archive.ar;
			path = "libRCTAnimation-tvOS.a";
			remoteRef = 8660316F1DFD9485002E945B /* PBXContainerItemProxy */;
			sourceTree = BUILT_PRODUCTS_DIR;
		};
		866031B21DFD9877002E945B /* libRCTImage-tvOS.a */ = {
			isa = PBXReferenceProxy;
			fileType = archive.ar;
			path = "libRCTImage-tvOS.a";
			remoteRef = 866031B11DFD9877002E945B /* PBXContainerItemProxy */;
			sourceTree = BUILT_PRODUCTS_DIR;
		};
		866031B61DFD9877002E945B /* libRCTLinking-tvOS.a */ = {
			isa = PBXReferenceProxy;
			fileType = archive.ar;
			path = "libRCTLinking-tvOS.a";
			remoteRef = 866031B51DFD9877002E945B /* PBXContainerItemProxy */;
			sourceTree = BUILT_PRODUCTS_DIR;
		};
		866031BA1DFD9877002E945B /* libRCTNetwork-tvOS.a */ = {
			isa = PBXReferenceProxy;
			fileType = archive.ar;
			path = "libRCTNetwork-tvOS.a";
			remoteRef = 866031B91DFD9877002E945B /* PBXContainerItemProxy */;
			sourceTree = BUILT_PRODUCTS_DIR;
		};
		866031BE1DFD9877002E945B /* libRCTPushNotification-tvOS.a */ = {
			isa = PBXReferenceProxy;
			fileType = archive.ar;
			path = "libRCTPushNotification-tvOS.a";
			remoteRef = 866031BD1DFD9877002E945B /* PBXContainerItemProxy */;
			sourceTree = BUILT_PRODUCTS_DIR;
		};
		866031C21DFD9877002E945B /* libRCTSettings-tvOS.a */ = {
			isa = PBXReferenceProxy;
			fileType = archive.ar;
			path = "libRCTSettings-tvOS.a";
			remoteRef = 866031C11DFD9877002E945B /* PBXContainerItemProxy */;
			sourceTree = BUILT_PRODUCTS_DIR;
		};
		866031C61DFD9877002E945B /* libRCTText-tvOS.a */ = {
			isa = PBXReferenceProxy;
			fileType = archive.ar;
			path = "libRCTText-tvOS.a";
			remoteRef = 866031C51DFD9877002E945B /* PBXContainerItemProxy */;
			sourceTree = BUILT_PRODUCTS_DIR;
		};
		866031CB1DFD9877002E945B /* libRCTWebSocket-tvOS.a */ = {
			isa = PBXReferenceProxy;
			fileType = archive.ar;
			path = "libRCTWebSocket-tvOS.a";
			remoteRef = 866031CA1DFD9877002E945B /* PBXContainerItemProxy */;
			sourceTree = BUILT_PRODUCTS_DIR;
		};
		866031CF1DFD9877002E945B /* libReact-tvOS.a */ = {
			isa = PBXReferenceProxy;
			fileType = archive.ar;
			path = "libReact-tvOS.a";
			remoteRef = 866031CE1DFD9877002E945B /* PBXContainerItemProxy */;
			sourceTree = BUILT_PRODUCTS_DIR;
		};
		F3496ED41E31657E008A86A6 /* libRNFS.a */ = {
			isa = PBXReferenceProxy;
			fileType = archive.ar;
			path = libRNFS.a;
			remoteRef = F3496ED31E31657E008A86A6 /* PBXContainerItemProxy */;
			sourceTree = BUILT_PRODUCTS_DIR;
		};
		F3CB930A1E3157670044B672 /* libRNReactNativeLinkPreview.a */ = {
			isa = PBXReferenceProxy;
			fileType = archive.ar;
			path = libRNReactNativeLinkPreview.a;
			remoteRef = F3CB93091E3157670044B672 /* PBXContainerItemProxy */;
			sourceTree = BUILT_PRODUCTS_DIR;
		};
		F3E9A7601E36448C00053D18 /* libAirMaps.a */ = {
			isa = PBXReferenceProxy;
			fileType = archive.ar;
			path = libAirMaps.a;
			remoteRef = F3E9A75F1E36448C00053D18 /* PBXContainerItemProxy */;
			sourceTree = BUILT_PRODUCTS_DIR;
		};
		F3E9A8351E3660CE00053D18 /* libRNVectorIcons.a */ = {
			isa = PBXReferenceProxy;
			fileType = archive.ar;
			path = libRNVectorIcons.a;
			remoteRef = F3E9A8341E3660CE00053D18 /* PBXContainerItemProxy */;
			sourceTree = BUILT_PRODUCTS_DIR;
		};
		F3E9A85A1E3687C400053D18 /* libCustomSegmentedControl.a */ = {
			isa = PBXReferenceProxy;
			fileType = archive.ar;
			path = libCustomSegmentedControl.a;
			remoteRef = F3E9A8591E3687C400053D18 /* PBXContainerItemProxy */;
			sourceTree = BUILT_PRODUCTS_DIR;
		};
/* End PBXReferenceProxy section */

/* Begin PBXResourcesBuildPhase section */
		13B07F8E1A680F5B00A75B9A /* Resources */ = {
			isa = PBXResourcesBuildPhase;
			buildActionMask = 2147483647;
			files = (
				862F8DBB1DDD76C90023698A /* EvilIcons.ttf in Resources */,
				862F8D8D1DD574D00023698A /* Foundation.ttf in Resources */,
				862F8DBD1DE086D40023698A /* MaterialIcons.ttf in Resources */,
				13B07FBF1A68108700A75B9A /* Images.xcassets in Resources */,
				13B07FBD1A68108700A75B9A /* LaunchScreen.xib in Resources */,
				86602CA71DEB13B1002E945B /* GoogleService-Info.plist in Resources */,
				06A99ABE88604073AB975BD8 /* Entypo.ttf in Resources */,
				5D1FEFBB702C42B69AA61D28 /* FontAwesome.ttf in Resources */,
				6B6B9D3B9E064D92B34AA623 /* Ionicons.ttf in Resources */,
				42011DE0EEA04D7E9BF42969 /* Octicons.ttf in Resources */,
				F667F4852DD343B6BE8BB39D /* SimpleLineIcons.ttf in Resources */,
				6F086DC14FE04EA2B14E6A6C /* Zocial.ttf in Resources */,
				873AF87C2BAA489AA06C2AB3 /* MaterialCommunityIcons.ttf in Resources */,
			);
			runOnlyForDeploymentPostprocessing = 0;
		};
/* End PBXResourcesBuildPhase section */

/* Begin PBXShellScriptBuildPhase section */
		00DD1BFF1BD5951E006B06BC /* Bundle React Native code and images */ = {
			isa = PBXShellScriptBuildPhase;
			buildActionMask = 2147483647;
			files = (
			);
			inputPaths = (
			);
			name = "Bundle React Native code and images";
			outputPaths = (
			);
			runOnlyForDeploymentPostprocessing = 0;
			shellPath = /bin/sh;
			shellScript = "export NODE_BINARY=node\n../node_modules/react-native/packager/react-native-xcode.sh";
		};
		0E1D8C93021C394574FF9A6C /* [CP] Embed Pods Frameworks */ = {
			isa = PBXShellScriptBuildPhase;
			buildActionMask = 2147483647;
			files = (
			);
			inputPaths = (
			);
			name = "[CP] Embed Pods Frameworks";
			outputPaths = (
			);
			runOnlyForDeploymentPostprocessing = 0;
			shellPath = /bin/sh;
			shellScript = "\"${SRCROOT}/Pods/Target Support Files/Pods-Subs/Pods-Subs-frameworks.sh\"\n";
			showEnvVarsInLog = 0;
		};
		622DFFBE5426B63B764B011B /* [CP] Copy Pods Resources */ = {
			isa = PBXShellScriptBuildPhase;
			buildActionMask = 2147483647;
			files = (
			);
			inputPaths = (
			);
			name = "[CP] Copy Pods Resources";
			outputPaths = (
			);
			runOnlyForDeploymentPostprocessing = 0;
			shellPath = /bin/sh;
			shellScript = "\"${SRCROOT}/Pods/Target Support Files/Pods-Subs/Pods-Subs-resources.sh\"\n";
			showEnvVarsInLog = 0;
		};
		859294010FC3A0D16956E86D /* [CP] Check Pods Manifest.lock */ = {
			isa = PBXShellScriptBuildPhase;
			buildActionMask = 2147483647;
			files = (
			);
			inputPaths = (
			);
			name = "[CP] Check Pods Manifest.lock";
			outputPaths = (
			);
			runOnlyForDeploymentPostprocessing = 0;
			shellPath = /bin/sh;
			shellScript = "diff \"${PODS_ROOT}/../Podfile.lock\" \"${PODS_ROOT}/Manifest.lock\" > /dev/null\nif [ $? != 0 ] ; then\n    # print error to STDERR\n    echo \"error: The sandbox is not in sync with the Podfile.lock. Run 'pod install' or update your CocoaPods installation.\" >&2\n    exit 1\nfi\n";
			showEnvVarsInLog = 0;
		};
/* End PBXShellScriptBuildPhase section */

/* Begin PBXSourcesBuildPhase section */
		13B07F871A680F5B00A75B9A /* Sources */ = {
			isa = PBXSourcesBuildPhase;
			buildActionMask = 2147483647;
			files = (
				13B07FBC1A68108700A75B9A /* AppDelegate.m in Sources */,
				13B07FC11A68108700A75B9A /* main.m in Sources */,
				86602C361DEB059A002E945B /* RNBackgroundFetch+AppDelegate.m in Sources */,
			);
			runOnlyForDeploymentPostprocessing = 0;
		};
/* End PBXSourcesBuildPhase section */

/* Begin PBXVariantGroup section */
		13B07FB11A68108700A75B9A /* LaunchScreen.xib */ = {
			isa = PBXVariantGroup;
			children = (
				13B07FB21A68108700A75B9A /* Base */,
			);
			name = LaunchScreen.xib;
			path = Subs;
			sourceTree = "<group>";
		};
/* End PBXVariantGroup section */

/* Begin XCBuildConfiguration section */
		13B07F941A680F5B00A75B9A /* Debug */ = {
			isa = XCBuildConfiguration;
			baseConfigurationReference = CB3E3ED09F91ABAF5B98EE49 /* Pods-Subs.debug.xcconfig */;
			buildSettings = {
				ASSETCATALOG_COMPILER_APPICON_NAME = AppIcon;
				CODE_SIGN_ENTITLEMENTS = Subs/Subs.entitlements;
				CODE_SIGN_IDENTITY = "";
				"CODE_SIGN_IDENTITY[sdk=iphoneos*]" = "iPhone Developer";
				CURRENT_PROJECT_VERSION = 1;
				DEAD_CODE_STRIPPING = NO;
				DEVELOPMENT_TEAM = RUWEF3R2W6;
				FRAMEWORK_SEARCH_PATHS = (
					"$(inherited)",
					"$(PROJECT_DIR)/../node_modules/react-native-background-geolocation/ios/**",
					"$(PROJECT_DIR)/../node_modules/react-native-background-fetch/ios/**",
				);
				HEADER_SEARCH_PATHS = (
					"$(inherited)",
					/Applications/Xcode.app/Contents/Developer/Toolchains/XcodeDefault.xctoolchain/usr/include,
					"$(SRCROOT)/../node_modules/react-native/React/**",
					"$(SRCROOT)/../node_modules/react-native-navigation/ios/**",
					"$(SRCROOT)/../node_modules/react-native-lock/ios/A0RNLock/**",
					"$(SRCROOT)/../node_modules/react-native-image-crop-picker/ios/**",
					"$(SRCROOT)/../node_modules/react-native/Libraries/PushNotificationIOS/**",
					"$(SRCROOT)/../node_modules/react-native-audio/ios",
					"$(SRCROOT)/../node_modules/react-native-fcm/ios",
					"$(SRCROOT)/../node_modules/react-native-fetch-blob/ios/**",
					"$(SRCROOT)/../node_modules/react-native-fs",
					"$(SRCROOT)/../node_modules/react-native-link-preview/ios",
					"$(SRCROOT)/../node_modules/react-native-vector-icons/RNVectorIconsManager",
					"$(SRCROOT)/../../React/**",
					"${SRCROOT}/../../ios/Pods/Headers/Public/**",
					"${SRCROOT}/../../ios/Pods/Headers/Public/Lock/**",
					"$(SRCROOT)/../react-native/React/**",
					"$(SRCROOT)/../node_modules/react-native-vector-icons/RNVectorIconsManager",
				);
				INFOPLIST_FILE = Subs/Info.plist;
				IPHONEOS_DEPLOYMENT_TARGET = 9.0;
				LD_RUNPATH_SEARCH_PATHS = "$(inherited) @executable_path/Frameworks";
				LIBRARY_SEARCH_PATHS = (
					"$(inherited)",
					"\"$(SRCROOT)/Subs\"",
				);
				OTHER_LDFLAGS = (
					"$(inherited)",
					"-ObjC",
					"-lc++",
				);
				PRODUCT_BUNDLE_IDENTIFIER = com.curiousminds.Subs;
				PRODUCT_NAME = Subs;
				PROVISIONING_PROFILE = "0fcaa64d-794b-4cba-bc65-2e3568db38bd";
				PROVISIONING_PROFILE_SPECIFIER = "GunSwipe Developer";
				VERSIONING_SYSTEM = "apple-generic";
			};
			name = Debug;
		};
		13B07F951A680F5B00A75B9A /* Release */ = {
			isa = XCBuildConfiguration;
			baseConfigurationReference = D3C26C688058C1BD3345967D /* Pods-Subs.release.xcconfig */;
			buildSettings = {
				ASSETCATALOG_COMPILER_APPICON_NAME = AppIcon;
				CODE_SIGN_ENTITLEMENTS = Subs/Subs.entitlements;
				CODE_SIGN_IDENTITY = "";
				"CODE_SIGN_IDENTITY[sdk=iphoneos*]" = "iPhone Developer";
				CURRENT_PROJECT_VERSION = 1;
				DEVELOPMENT_TEAM = RUWEF3R2W6;
				FRAMEWORK_SEARCH_PATHS = (
					"$(inherited)",
					"$(PROJECT_DIR)/../node_modules/react-native-background-geolocation/ios/**",
					"$(PROJECT_DIR)/../node_modules/react-native-background-fetch/ios/**",
				);
				HEADER_SEARCH_PATHS = (
					"$(inherited)",
					/Applications/Xcode.app/Contents/Developer/Toolchains/XcodeDefault.xctoolchain/usr/include,
					"$(SRCROOT)/../node_modules/react-native/React/**",
					"$(SRCROOT)/../node_modules/react-native-navigation/ios/**",
					"$(SRCROOT)/../node_modules/react-native-lock/ios/A0RNLock/**",
					"$(SRCROOT)/../node_modules/react-native-image-crop-picker/ios/**",
					"$(SRCROOT)/../node_modules/react-native/Libraries/PushNotificationIOS/**",
					"$(SRCROOT)/../node_modules/react-native-audio/ios",
					"$(SRCROOT)/../node_modules/react-native-fcm/ios",
					"$(SRCROOT)/../node_modules/react-native-fetch-blob/ios/**",
					"$(SRCROOT)/../node_modules/react-native-fs",
					"$(SRCROOT)/../node_modules/react-native-link-preview/ios",
					"$(SRCROOT)/../node_modules/react-native-vector-icons/RNVectorIconsManager",
					"$(SRCROOT)/../../React/**",
					"${SRCROOT}/../../ios/Pods/Headers/Public/**",
					"${SRCROOT}/../../ios/Pods/Headers/Public/Lock/**",
					"$(SRCROOT)/../react-native/React/**",
					"$(SRCROOT)/../node_modules/react-native-vector-icons/RNVectorIconsManager",
				);
				INFOPLIST_FILE = Subs/Info.plist;
				IPHONEOS_DEPLOYMENT_TARGET = 9.0;
				LD_RUNPATH_SEARCH_PATHS = "$(inherited) @executable_path/Frameworks";
				LIBRARY_SEARCH_PATHS = (
					"$(inherited)",
					"\"$(SRCROOT)/Subs\"",
				);
				OTHER_LDFLAGS = (
					"$(inherited)",
					"-ObjC",
					"-lc++",
				);
				PRODUCT_BUNDLE_IDENTIFIER = com.curiousminds.Subs;
				PRODUCT_NAME = Subs;
				PROVISIONING_PROFILE = "0fcaa64d-794b-4cba-bc65-2e3568db38bd";
				PROVISIONING_PROFILE_SPECIFIER = "GunSwipe Developer";
				VERSIONING_SYSTEM = "apple-generic";
			};
			name = Release;
		};
		83CBBA201A601CBA00E9B192 /* Debug */ = {
			isa = XCBuildConfiguration;
			buildSettings = {
				ALWAYS_SEARCH_USER_PATHS = NO;
				CLANG_CXX_LANGUAGE_STANDARD = "gnu++0x";
				CLANG_CXX_LIBRARY = "libc++";
				CLANG_ENABLE_MODULES = YES;
				CLANG_ENABLE_OBJC_ARC = YES;
				CLANG_WARN_BOOL_CONVERSION = YES;
				CLANG_WARN_CONSTANT_CONVERSION = YES;
				CLANG_WARN_DIRECT_OBJC_ISA_USAGE = YES_ERROR;
				CLANG_WARN_EMPTY_BODY = YES;
				CLANG_WARN_ENUM_CONVERSION = YES;
				CLANG_WARN_INFINITE_RECURSION = YES;
				CLANG_WARN_INT_CONVERSION = YES;
				CLANG_WARN_OBJC_ROOT_CLASS = YES_ERROR;
				CLANG_WARN_SUSPICIOUS_MOVE = YES;
				CLANG_WARN_UNREACHABLE_CODE = YES;
				CLANG_WARN__DUPLICATE_METHOD_MATCH = YES;
				"CODE_SIGN_IDENTITY[sdk=iphoneos*]" = "iPhone Developer";
				COPY_PHASE_STRIP = NO;
				ENABLE_STRICT_OBJC_MSGSEND = YES;
				ENABLE_TESTABILITY = YES;
				GCC_C_LANGUAGE_STANDARD = gnu99;
				GCC_DYNAMIC_NO_PIC = NO;
				GCC_NO_COMMON_BLOCKS = YES;
				GCC_OPTIMIZATION_LEVEL = 0;
				GCC_PREPROCESSOR_DEFINITIONS = (
					"DEBUG=1",
					"$(inherited)",
				);
				GCC_SYMBOLS_PRIVATE_EXTERN = NO;
				GCC_WARN_64_TO_32_BIT_CONVERSION = YES;
				GCC_WARN_ABOUT_RETURN_TYPE = YES_ERROR;
				GCC_WARN_UNDECLARED_SELECTOR = YES;
				GCC_WARN_UNINITIALIZED_AUTOS = YES_AGGRESSIVE;
				GCC_WARN_UNUSED_FUNCTION = YES;
				GCC_WARN_UNUSED_VARIABLE = YES;
				HEADER_SEARCH_PATHS = (
					"$(inherited)",
					/Applications/Xcode.app/Contents/Developer/Toolchains/XcodeDefault.xctoolchain/usr/include,
					"$(SRCROOT)/../node_modules/react-native/React/**",
					"$(SRCROOT)/../node_modules/react-native-lock/ios/A0RNLock/**",
					"$(SRCROOT)/../node_modules/react-native-image-crop-picker/ios/**",
					"$(SRCROOT)/../node_modules/react-native-audio/ios",
					"$(SRCROOT)/../node_modules/react-native-fcm/ios",
					"$(SRCROOT)/../node_modules/react-native-fetch-blob/ios/**",
					"$(SRCROOT)/../node_modules/react-native-fs/**",
					"$(SRCROOT)/../node_modules/react-native-link-preview/ios",
					"$(SRCROOT)/../node_modules/react-native-vector-icons/RNVectorIconsManager",
					"$(SRCROOT)/../node_modules/react-native-vector-icons/RNVectorIconsManager",
				);
				IPHONEOS_DEPLOYMENT_TARGET = 8.1;
				MTL_ENABLE_DEBUG_INFO = YES;
				ONLY_ACTIVE_ARCH = YES;
				SDKROOT = iphoneos;
			};
			name = Debug;
		};
		83CBBA211A601CBA00E9B192 /* Release */ = {
			isa = XCBuildConfiguration;
			buildSettings = {
				ALWAYS_SEARCH_USER_PATHS = NO;
				CLANG_CXX_LANGUAGE_STANDARD = "gnu++0x";
				CLANG_CXX_LIBRARY = "libc++";
				CLANG_ENABLE_MODULES = YES;
				CLANG_ENABLE_OBJC_ARC = YES;
				CLANG_WARN_BOOL_CONVERSION = YES;
				CLANG_WARN_CONSTANT_CONVERSION = YES;
				CLANG_WARN_DIRECT_OBJC_ISA_USAGE = YES_ERROR;
				CLANG_WARN_EMPTY_BODY = YES;
				CLANG_WARN_ENUM_CONVERSION = YES;
				CLANG_WARN_INFINITE_RECURSION = YES;
				CLANG_WARN_INT_CONVERSION = YES;
				CLANG_WARN_OBJC_ROOT_CLASS = YES_ERROR;
				CLANG_WARN_SUSPICIOUS_MOVE = YES;
				CLANG_WARN_UNREACHABLE_CODE = YES;
				CLANG_WARN__DUPLICATE_METHOD_MATCH = YES;
				"CODE_SIGN_IDENTITY[sdk=iphoneos*]" = "iPhone Developer";
				COPY_PHASE_STRIP = YES;
				ENABLE_NS_ASSERTIONS = NO;
				ENABLE_STRICT_OBJC_MSGSEND = YES;
				GCC_C_LANGUAGE_STANDARD = gnu99;
				GCC_NO_COMMON_BLOCKS = YES;
				GCC_WARN_64_TO_32_BIT_CONVERSION = YES;
				GCC_WARN_ABOUT_RETURN_TYPE = YES_ERROR;
				GCC_WARN_UNDECLARED_SELECTOR = YES;
				GCC_WARN_UNINITIALIZED_AUTOS = YES_AGGRESSIVE;
				GCC_WARN_UNUSED_FUNCTION = YES;
				GCC_WARN_UNUSED_VARIABLE = YES;
				HEADER_SEARCH_PATHS = (
					"$(inherited)",
					/Applications/Xcode.app/Contents/Developer/Toolchains/XcodeDefault.xctoolchain/usr/include,
					"$(SRCROOT)/../node_modules/react-native/React/**",
					"$(SRCROOT)/../node_modules/react-native-lock/ios/A0RNLock/**",
					"$(SRCROOT)/../node_modules/react-native-image-crop-picker/ios/**",
					"$(SRCROOT)/../node_modules/react-native-audio/ios",
					"$(SRCROOT)/../node_modules/react-native-fcm/ios",
					"$(SRCROOT)/../node_modules/react-native-fetch-blob/ios/**",
					"$(SRCROOT)/../node_modules/react-native-fs/**",
					"$(SRCROOT)/../node_modules/react-native-link-preview/ios",
					"$(SRCROOT)/../node_modules/react-native-vector-icons/RNVectorIconsManager",
					"$(SRCROOT)/../node_modules/react-native-vector-icons/RNVectorIconsManager",
				);
				IPHONEOS_DEPLOYMENT_TARGET = 8.1;
				MTL_ENABLE_DEBUG_INFO = NO;
				SDKROOT = iphoneos;
				VALIDATE_PRODUCT = YES;
			};
			name = Release;
		};
/* End XCBuildConfiguration section */

/* Begin XCConfigurationList section */
		13B07F931A680F5B00A75B9A /* Build configuration list for PBXNativeTarget "Subs" */ = {
			isa = XCConfigurationList;
			buildConfigurations = (
				13B07F941A680F5B00A75B9A /* Debug */,
				13B07F951A680F5B00A75B9A /* Release */,
			);
			defaultConfigurationIsVisible = 0;
			defaultConfigurationName = Release;
		};
		83CBB9FA1A601CBA00E9B192 /* Build configuration list for PBXProject "Subs" */ = {
			isa = XCConfigurationList;
			buildConfigurations = (
				83CBBA201A601CBA00E9B192 /* Debug */,
				83CBBA211A601CBA00E9B192 /* Release */,
			);
			defaultConfigurationIsVisible = 0;
			defaultConfigurationName = Release;
		};
/* End XCConfigurationList section */
	};
	rootObject = 83CBB9F71A601CBA00E9B192 /* Project object */;
}
